PODS:
  - Charts (3.1.1):
    - Charts/Core (= 3.1.1)
  - Charts/Core (3.1.1)
  - TableFlip (1.2)

DEPENDENCIES:
  - Charts
  - TableFlip

SPEC REPOS:
  trunk:
    - Charts
    - TableFlip

SPEC CHECKSUMS:
  Charts: 90a4d61da0f6e06684c591e3bcab11940fe61736
  TableFlip: 2ae22773412b295a7cbc54d95b44085bb28092f6

PODFILE CHECKSUM: 6f5b3c4fb9221d5ef1aeb0e73d8076c2e515ff74

COCOAPODS: 1.8.4
