PODS:
  - Charts (3.5.0):
    - Charts/Core (= 3.5.0)
  - Charts/Core (3.5.0)
  - TableFlip (1.3)

DEPENDENCIES:
  - Charts
  - TableFlip

SPEC REPOS:
  trunk:
    - Charts
    - TableFlip

SPEC CHECKSUMS:
  Charts: 40a08591df1f8ad5c223ddedfb1a06da92f24f7c
  TableFlip: 2bd0375d9d0b29f7bbd500a236dba560a0e00618

PODFILE CHECKSUM: 6f5b3c4fb9221d5ef1aeb0e73d8076c2e515ff74

COCOAPODS: 1.9.1
