// !$*UTF8*$!
{
	archiveVersion = 1;
	classes = {
	};
	objectVersion = 48;
	objects = {

/* Begin PBXBuildFile section */
		351410EE2084773C002F0D9E /* CreateAccountVC.swift in Sources */ = {isa = PBXBuildFile; fileRef = 351410ED2084773C002F0D9E /* CreateAccountVC.swift */; };
		351410F02084890F002F0D9E /* UserSettings.swift in Sources */ = {isa = PBXBuildFile; fileRef = 351410EF2084890F002F0D9E /* UserSettings.swift */; };
		351410F220850698002F0D9E /* DefaultsVC.swift in Sources */ = {isa = PBXBuildFile; fileRef = 351410F120850698002F0D9E /* DefaultsVC.swift */; };
		3515E0FA2073655900ED0363 /* NotificationNameExt.swift in Sources */ = {isa = PBXBuildFile; fileRef = 3515E0F92073655900ED0363 /* NotificationNameExt.swift */; };
		351E3E8A205BDB95004A3414 /* TransactionsVC.swift in Sources */ = {isa = PBXBuildFile; fileRef = 351E3E89205BDB95004A3414 /* TransactionsVC.swift */; };
		351E3E8C205BDBB4004A3414 /* SettingsVC.swift in Sources */ = {isa = PBXBuildFile; fileRef = 351E3E8B205BDBB4004A3414 /* SettingsVC.swift */; };
		351E3E8E205BDC22004A3414 /* BaseTabBarController.swift in Sources */ = {isa = PBXBuildFile; fileRef = 351E3E8D205BDC22004A3414 /* BaseTabBarController.swift */; };
		351E3E96205BED6D004A3414 /* CAGradientLayerExt.swift in Sources */ = {isa = PBXBuildFile; fileRef = 351E3E95205BED6D004A3414 /* CAGradientLayerExt.swift */; };
		3531C595207E76080055D0B4 /* CategoryVM.swift in Sources */ = {isa = PBXBuildFile; fileRef = 3531C594207E76080055D0B4 /* CategoryVM.swift */; };
		3531C597207E7A500055D0B4 /* AccountVM.swift in Sources */ = {isa = PBXBuildFile; fileRef = 3531C596207E7A500055D0B4 /* AccountVM.swift */; };
		3531C599207E7C4B0055D0B4 /* BaseViewModel.swift in Sources */ = {isa = PBXBuildFile; fileRef = 3531C598207E7C4B0055D0B4 /* BaseViewModel.swift */; };
		3531C59B207E81BA0055D0B4 /* TransactionVM.swift in Sources */ = {isa = PBXBuildFile; fileRef = 3531C59A207E81BA0055D0B4 /* TransactionVM.swift */; };
		3531C59D207F2D730055D0B4 /* ViewModelFactory.swift in Sources */ = {isa = PBXBuildFile; fileRef = 3531C59C207F2D730055D0B4 /* ViewModelFactory.swift */; };
		3531C5A1208091AB0055D0B4 /* QRScannerVC.swift in Sources */ = {isa = PBXBuildFile; fileRef = 3531C5A0208091AB0055D0B4 /* QRScannerVC.swift */; };
		3531C5A32081105C0055D0B4 /* QRCodeParser.swift in Sources */ = {isa = PBXBuildFile; fileRef = 3531C5A22081105C0055D0B4 /* QRCodeParser.swift */; };
		353B47C6205690B3008281B0 /* AppDelegate.swift in Sources */ = {isa = PBXBuildFile; fileRef = 353B47C5205690B3008281B0 /* AppDelegate.swift */; };
		353B47C8205690B3008281B0 /* ReportsVC.swift in Sources */ = {isa = PBXBuildFile; fileRef = 353B47C7205690B3008281B0 /* ReportsVC.swift */; };
		353B47CB205690B3008281B0 /* Main.storyboard in Resources */ = {isa = PBXBuildFile; fileRef = 353B47C9205690B3008281B0 /* Main.storyboard */; };
		353B47D0205690B3008281B0 /* LaunchScreen.storyboard in Resources */ = {isa = PBXBuildFile; fileRef = 353B47CE205690B3008281B0 /* LaunchScreen.storyboard */; };
		3563FF03205FD28C00B05E82 /* AccountsVC.swift in Sources */ = {isa = PBXBuildFile; fileRef = 3563FF02205FD28C00B05E82 /* AccountsVC.swift */; };
		3563FF05205FD77900B05E82 /* BaseTableVC.swift in Sources */ = {isa = PBXBuildFile; fileRef = 3563FF04205FD77900B05E82 /* BaseTableVC.swift */; };
		3566A7912087413A0099BE67 /* DataModel.xcdatamodeld in Sources */ = {isa = PBXBuildFile; fileRef = 3566A78F2087413A0099BE67 /* DataModel.xcdatamodeld */; };
		3566A7A9208A73B80099BE67 /* BaseDataManager.swift in Sources */ = {isa = PBXBuildFile; fileRef = 3566A7A8208A73B80099BE67 /* BaseDataManager.swift */; };
		3566A7AD208A79DD0099BE67 /* DataManager.swift in Sources */ = {isa = PBXBuildFile; fileRef = 3566A7AC208A79DD0099BE67 /* DataManager.swift */; };
		3566A7AF208A89930099BE67 /* IncomeCategoryManager.swift in Sources */ = {isa = PBXBuildFile; fileRef = 3566A7AE208A89930099BE67 /* IncomeCategoryManager.swift */; };
		3566A7B1208A8ADD0099BE67 /* ExpenseCategoryManager.swift in Sources */ = {isa = PBXBuildFile; fileRef = 3566A7B0208A8ADD0099BE67 /* ExpenseCategoryManager.swift */; };
		3566A7B3208B000F0099BE67 /* CategoryType.swift in Sources */ = {isa = PBXBuildFile; fileRef = 3566A7B2208B000F0099BE67 /* CategoryType.swift */; };
		3566A7B5208B00680099BE67 /* AccountType.swift in Sources */ = {isa = PBXBuildFile; fileRef = 3566A7B4208B00680099BE67 /* AccountType.swift */; };
		3567747C205FA8EC00743FCA /* Constants.swift in Sources */ = {isa = PBXBuildFile; fileRef = 3567747B205FA8EC00743FCA /* Constants.swift */; };
		3567747F205FA9D200743FCA /* SettingsCell.swift in Sources */ = {isa = PBXBuildFile; fileRef = 3567747E205FA9D200743FCA /* SettingsCell.swift */; };
		356B12DA208DEE35007AF145 /* CreateTransactionVC.swift in Sources */ = {isa = PBXBuildFile; fileRef = 356B12D9208DEE35007AF145 /* CreateTransactionVC.swift */; };
		356B12DE208DF6C7007AF145 /* BaseTransactionVC.swift in Sources */ = {isa = PBXBuildFile; fileRef = 356B12DD208DF6C7007AF145 /* BaseTransactionVC.swift */; };
		356B12E0208E0DE6007AF145 /* Operation.swift in Sources */ = {isa = PBXBuildFile; fileRef = 356B12DF208E0DE6007AF145 /* Operation.swift */; };
		356E06D8206666D7004034AE /* UIViewExt.swift in Sources */ = {isa = PBXBuildFile; fileRef = 356E06D7206666D7004034AE /* UIViewExt.swift */; };
		356E06E420683C7A004034AE /* SettingsMenu.swift in Sources */ = {isa = PBXBuildFile; fileRef = 356E06E320683C7A004034AE /* SettingsMenu.swift */; };
		356E06EE2068D084004034AE /* currencies.json in Resources */ = {isa = PBXBuildFile; fileRef = 356E06ED2068D084004034AE /* currencies.json */; };
		356E06F020693E26004034AE /* Assets.xcassets in Resources */ = {isa = PBXBuildFile; fileRef = 356E06EF20693E25004034AE /* Assets.xcassets */; };
		356E06F2206A5699004034AE /* TransactionCell.swift in Sources */ = {isa = PBXBuildFile; fileRef = 356E06F1206A5699004034AE /* TransactionCell.swift */; };
		356E06F4206A6C9C004034AE /* TransactionDetailVC.swift in Sources */ = {isa = PBXBuildFile; fileRef = 356E06F3206A6C9C004034AE /* TransactionDetailVC.swift */; };
		356E06F6206A755E004034AE /* GradientView.swift in Sources */ = {isa = PBXBuildFile; fileRef = 356E06F5206A755E004034AE /* GradientView.swift */; };
		356E06F8206A802C004034AE /* GradientTableView.swift in Sources */ = {isa = PBXBuildFile; fileRef = 356E06F7206A802C004034AE /* GradientTableView.swift */; };
		356E06FA206D59E1004034AE /* DesignableViews.swift in Sources */ = {isa = PBXBuildFile; fileRef = 356E06F9206D59E1004034AE /* DesignableViews.swift */; };
		357E0D28206E858B00205970 /* UITextFieldExt.swift in Sources */ = {isa = PBXBuildFile; fileRef = 357E0D27206E858B00205970 /* UITextFieldExt.swift */; };
		357E0D2A206E97F100205970 /* BaseVC.swift in Sources */ = {isa = PBXBuildFile; fileRef = 357E0D29206E97F100205970 /* BaseVC.swift */; };
		357E0D2C206E9F2B00205970 /* Helper.swift in Sources */ = {isa = PBXBuildFile; fileRef = 357E0D2B206E9F2B00205970 /* Helper.swift */; };
		35EE3012206108FF0041F195 /* CategoriesVC.swift in Sources */ = {isa = PBXBuildFile; fileRef = 35EE3011206108FE0041F195 /* CategoriesVC.swift */; };
		35EE3016206111230041F195 /* EnumCollectionExt.swift in Sources */ = {isa = PBXBuildFile; fileRef = 35EE3015206111230041F195 /* EnumCollectionExt.swift */; };
		35EE301A2061188A0041F195 /* CategoryCell.swift in Sources */ = {isa = PBXBuildFile; fileRef = 35EE30192061188A0041F195 /* CategoryCell.swift */; };
		35EE301C206118AC0041F195 /* AccountCell.swift in Sources */ = {isa = PBXBuildFile; fileRef = 35EE301B206118AC0041F195 /* AccountCell.swift */; };
		35EE301E206118BA0041F195 /* BaseCell.swift in Sources */ = {isa = PBXBuildFile; fileRef = 35EE301D206118BA0041F195 /* BaseCell.swift */; };
		35F012132063B9D7008EE633 /* InstallationManager.swift in Sources */ = {isa = PBXBuildFile; fileRef = 35F012122063B9D7008EE633 /* InstallationManager.swift */; };
		615AA698DB21FF966812962E /* Pods_My_budget.framework in Frameworks */ = {isa = PBXBuildFile; fileRef = 69DEC8F5A04C9758775ECEB6 /* Pods_My_budget.framework */; };
/* End PBXBuildFile section */

/* Begin PBXFileReference section */
		351410ED2084773C002F0D9E /* CreateAccountVC.swift */ = {isa = PBXFileReference; lastKnownFileType = sourcecode.swift; path = CreateAccountVC.swift; sourceTree = "<group>"; };
		351410EF2084890F002F0D9E /* UserSettings.swift */ = {isa = PBXFileReference; lastKnownFileType = sourcecode.swift; path = UserSettings.swift; sourceTree = "<group>"; };
		351410F120850698002F0D9E /* DefaultsVC.swift */ = {isa = PBXFileReference; lastKnownFileType = sourcecode.swift; path = DefaultsVC.swift; sourceTree = "<group>"; };
		3515E0F92073655900ED0363 /* NotificationNameExt.swift */ = {isa = PBXFileReference; lastKnownFileType = sourcecode.swift; path = NotificationNameExt.swift; sourceTree = "<group>"; };
		351E3E89205BDB95004A3414 /* TransactionsVC.swift */ = {isa = PBXFileReference; lastKnownFileType = sourcecode.swift; path = TransactionsVC.swift; sourceTree = "<group>"; };
		351E3E8B205BDBB4004A3414 /* SettingsVC.swift */ = {isa = PBXFileReference; lastKnownFileType = sourcecode.swift; path = SettingsVC.swift; sourceTree = "<group>"; };
		351E3E8D205BDC22004A3414 /* BaseTabBarController.swift */ = {isa = PBXFileReference; lastKnownFileType = sourcecode.swift; path = BaseTabBarController.swift; sourceTree = "<group>"; };
		351E3E95205BED6D004A3414 /* CAGradientLayerExt.swift */ = {isa = PBXFileReference; lastKnownFileType = sourcecode.swift; path = CAGradientLayerExt.swift; sourceTree = "<group>"; };
		3531C594207E76080055D0B4 /* CategoryVM.swift */ = {isa = PBXFileReference; lastKnownFileType = sourcecode.swift; path = CategoryVM.swift; sourceTree = "<group>"; };
		3531C596207E7A500055D0B4 /* AccountVM.swift */ = {isa = PBXFileReference; lastKnownFileType = sourcecode.swift; path = AccountVM.swift; sourceTree = "<group>"; };
		3531C598207E7C4B0055D0B4 /* BaseViewModel.swift */ = {isa = PBXFileReference; lastKnownFileType = sourcecode.swift; path = BaseViewModel.swift; sourceTree = "<group>"; };
		3531C59A207E81BA0055D0B4 /* TransactionVM.swift */ = {isa = PBXFileReference; lastKnownFileType = sourcecode.swift; path = TransactionVM.swift; sourceTree = "<group>"; };
		3531C59C207F2D730055D0B4 /* ViewModelFactory.swift */ = {isa = PBXFileReference; lastKnownFileType = sourcecode.swift; path = ViewModelFactory.swift; sourceTree = "<group>"; };
		3531C5A0208091AB0055D0B4 /* QRScannerVC.swift */ = {isa = PBXFileReference; lastKnownFileType = sourcecode.swift; path = QRScannerVC.swift; sourceTree = "<group>"; };
		3531C5A22081105C0055D0B4 /* QRCodeParser.swift */ = {isa = PBXFileReference; lastKnownFileType = sourcecode.swift; path = QRCodeParser.swift; sourceTree = "<group>"; };
		353B47C2205690B3008281B0 /* My budget.app */ = {isa = PBXFileReference; explicitFileType = wrapper.application; includeInIndex = 0; path = "My budget.app"; sourceTree = BUILT_PRODUCTS_DIR; };
		353B47C5205690B3008281B0 /* AppDelegate.swift */ = {isa = PBXFileReference; lastKnownFileType = sourcecode.swift; path = AppDelegate.swift; sourceTree = "<group>"; };
		353B47C7205690B3008281B0 /* ReportsVC.swift */ = {isa = PBXFileReference; lastKnownFileType = sourcecode.swift; path = ReportsVC.swift; sourceTree = "<group>"; };
		353B47CA205690B3008281B0 /* Base */ = {isa = PBXFileReference; lastKnownFileType = file.storyboard; name = Base; path = Base.lproj/Main.storyboard; sourceTree = "<group>"; };
		353B47CF205690B3008281B0 /* Base */ = {isa = PBXFileReference; lastKnownFileType = file.storyboard; name = Base; path = Base.lproj/LaunchScreen.storyboard; sourceTree = "<group>"; };
		353B47D1205690B3008281B0 /* Info.plist */ = {isa = PBXFileReference; lastKnownFileType = text.plist.xml; path = Info.plist; sourceTree = "<group>"; };
		3563FF02205FD28C00B05E82 /* AccountsVC.swift */ = {isa = PBXFileReference; lastKnownFileType = sourcecode.swift; path = AccountsVC.swift; sourceTree = "<group>"; };
		3563FF04205FD77900B05E82 /* BaseTableVC.swift */ = {isa = PBXFileReference; lastKnownFileType = sourcecode.swift; path = BaseTableVC.swift; sourceTree = "<group>"; };
		3566A7902087413A0099BE67 /* DataModel.xcdatamodel */ = {isa = PBXFileReference; lastKnownFileType = wrapper.xcdatamodel; path = DataModel.xcdatamodel; sourceTree = "<group>"; };
		3566A7A8208A73B80099BE67 /* BaseDataManager.swift */ = {isa = PBXFileReference; lastKnownFileType = sourcecode.swift; path = BaseDataManager.swift; sourceTree = "<group>"; };
		3566A7AC208A79DD0099BE67 /* DataManager.swift */ = {isa = PBXFileReference; lastKnownFileType = sourcecode.swift; path = DataManager.swift; sourceTree = "<group>"; };
		3566A7AE208A89930099BE67 /* IncomeCategoryManager.swift */ = {isa = PBXFileReference; lastKnownFileType = sourcecode.swift; path = IncomeCategoryManager.swift; sourceTree = "<group>"; };
		3566A7B0208A8ADD0099BE67 /* ExpenseCategoryManager.swift */ = {isa = PBXFileReference; lastKnownFileType = sourcecode.swift; path = ExpenseCategoryManager.swift; sourceTree = "<group>"; };
		3566A7B2208B000F0099BE67 /* CategoryType.swift */ = {isa = PBXFileReference; lastKnownFileType = sourcecode.swift; path = CategoryType.swift; sourceTree = "<group>"; };
		3566A7B4208B00680099BE67 /* AccountType.swift */ = {isa = PBXFileReference; lastKnownFileType = sourcecode.swift; path = AccountType.swift; sourceTree = "<group>"; };
		3567747B205FA8EC00743FCA /* Constants.swift */ = {isa = PBXFileReference; lastKnownFileType = sourcecode.swift; path = Constants.swift; sourceTree = "<group>"; };
		3567747E205FA9D200743FCA /* SettingsCell.swift */ = {isa = PBXFileReference; lastKnownFileType = sourcecode.swift; path = SettingsCell.swift; sourceTree = "<group>"; };
		356B12D9208DEE35007AF145 /* CreateTransactionVC.swift */ = {isa = PBXFileReference; lastKnownFileType = sourcecode.swift; path = CreateTransactionVC.swift; sourceTree = "<group>"; };
		356B12DD208DF6C7007AF145 /* BaseTransactionVC.swift */ = {isa = PBXFileReference; lastKnownFileType = sourcecode.swift; path = BaseTransactionVC.swift; sourceTree = "<group>"; };
		356B12DF208E0DE6007AF145 /* Operation.swift */ = {isa = PBXFileReference; lastKnownFileType = sourcecode.swift; path = Operation.swift; sourceTree = "<group>"; };
		356E06D7206666D7004034AE /* UIViewExt.swift */ = {isa = PBXFileReference; lastKnownFileType = sourcecode.swift; path = UIViewExt.swift; sourceTree = "<group>"; };
		356E06E320683C7A004034AE /* SettingsMenu.swift */ = {isa = PBXFileReference; lastKnownFileType = sourcecode.swift; path = SettingsMenu.swift; sourceTree = "<group>"; };
		356E06ED2068D084004034AE /* currencies.json */ = {isa = PBXFileReference; fileEncoding = 4; lastKnownFileType = text.json; path = currencies.json; sourceTree = "<group>"; };
		356E06EF20693E25004034AE /* Assets.xcassets */ = {isa = PBXFileReference; lastKnownFileType = folder.assetcatalog; path = Assets.xcassets; sourceTree = "<group>"; };
		356E06F1206A5699004034AE /* TransactionCell.swift */ = {isa = PBXFileReference; lastKnownFileType = sourcecode.swift; path = TransactionCell.swift; sourceTree = "<group>"; };
		356E06F3206A6C9C004034AE /* TransactionDetailVC.swift */ = {isa = PBXFileReference; lastKnownFileType = sourcecode.swift; path = TransactionDetailVC.swift; sourceTree = "<group>"; };
		356E06F5206A755E004034AE /* GradientView.swift */ = {isa = PBXFileReference; lastKnownFileType = sourcecode.swift; path = GradientView.swift; sourceTree = "<group>"; };
		356E06F7206A802C004034AE /* GradientTableView.swift */ = {isa = PBXFileReference; lastKnownFileType = sourcecode.swift; path = GradientTableView.swift; sourceTree = "<group>"; };
		356E06F9206D59E1004034AE /* DesignableViews.swift */ = {isa = PBXFileReference; lastKnownFileType = sourcecode.swift; path = DesignableViews.swift; sourceTree = "<group>"; };
		357E0D27206E858B00205970 /* UITextFieldExt.swift */ = {isa = PBXFileReference; lastKnownFileType = sourcecode.swift; path = UITextFieldExt.swift; sourceTree = "<group>"; };
		357E0D29206E97F100205970 /* BaseVC.swift */ = {isa = PBXFileReference; lastKnownFileType = sourcecode.swift; path = BaseVC.swift; sourceTree = "<group>"; };
		357E0D2B206E9F2B00205970 /* Helper.swift */ = {isa = PBXFileReference; lastKnownFileType = sourcecode.swift; path = Helper.swift; sourceTree = "<group>"; };
		35EE3011206108FE0041F195 /* CategoriesVC.swift */ = {isa = PBXFileReference; lastKnownFileType = sourcecode.swift; path = CategoriesVC.swift; sourceTree = "<group>"; };
		35EE3015206111230041F195 /* EnumCollectionExt.swift */ = {isa = PBXFileReference; lastKnownFileType = sourcecode.swift; path = EnumCollectionExt.swift; sourceTree = "<group>"; };
		35EE30192061188A0041F195 /* CategoryCell.swift */ = {isa = PBXFileReference; lastKnownFileType = sourcecode.swift; path = CategoryCell.swift; sourceTree = "<group>"; };
		35EE301B206118AC0041F195 /* AccountCell.swift */ = {isa = PBXFileReference; lastKnownFileType = sourcecode.swift; path = AccountCell.swift; sourceTree = "<group>"; };
		35EE301D206118BA0041F195 /* BaseCell.swift */ = {isa = PBXFileReference; lastKnownFileType = sourcecode.swift; path = BaseCell.swift; sourceTree = "<group>"; };
		35F012122063B9D7008EE633 /* InstallationManager.swift */ = {isa = PBXFileReference; lastKnownFileType = sourcecode.swift; path = InstallationManager.swift; sourceTree = "<group>"; };
		4888D73EADFA49F664FD0830 /* Pods-My budget.debug.xcconfig */ = {isa = PBXFileReference; includeInIndex = 1; lastKnownFileType = text.xcconfig; name = "Pods-My budget.debug.xcconfig"; path = "Pods/Target Support Files/Pods-My budget/Pods-My budget.debug.xcconfig"; sourceTree = "<group>"; };
		69DEC8F5A04C9758775ECEB6 /* Pods_My_budget.framework */ = {isa = PBXFileReference; explicitFileType = wrapper.framework; includeInIndex = 0; path = Pods_My_budget.framework; sourceTree = BUILT_PRODUCTS_DIR; };
		EE55D91628C8CD8C214428C4 /* Pods-My budget.release.xcconfig */ = {isa = PBXFileReference; includeInIndex = 1; lastKnownFileType = text.xcconfig; name = "Pods-My budget.release.xcconfig"; path = "Pods/Target Support Files/Pods-My budget/Pods-My budget.release.xcconfig"; sourceTree = "<group>"; };
/* End PBXFileReference section */

/* Begin PBXFrameworksBuildPhase section */
		353B47BF205690B3008281B0 /* Frameworks */ = {
			isa = PBXFrameworksBuildPhase;
			buildActionMask = 2147483647;
			files = (
				615AA698DB21FF966812962E /* Pods_My_budget.framework in Frameworks */,
			);
			runOnlyForDeploymentPostprocessing = 0;
		};
/* End PBXFrameworksBuildPhase section */

/* Begin PBXGroup section */
		3509178C2074C2CF0000045C /* Base */ = {
			isa = PBXGroup;
			children = (
				357E0D29206E97F100205970 /* BaseVC.swift */,
				351E3E8D205BDC22004A3414 /* BaseTabBarController.swift */,
				3563FF04205FD77900B05E82 /* BaseTableVC.swift */,
			);
			path = Base;
			sourceTree = "<group>";
		};
		3509178D2074C4A10000045C /* Transactions */ = {
			isa = PBXGroup;
			children = (
				356B12DD208DF6C7007AF145 /* BaseTransactionVC.swift */,
				351E3E89205BDB95004A3414 /* TransactionsVC.swift */,
				356E06F3206A6C9C004034AE /* TransactionDetailVC.swift */,
				356B12D9208DEE35007AF145 /* CreateTransactionVC.swift */,
				3531C5A0208091AB0055D0B4 /* QRScannerVC.swift */,
			);
			path = Transactions;
			sourceTree = "<group>";
		};
		3509178E2074C4C10000045C /* Reports */ = {
			isa = PBXGroup;
			children = (
				353B47C7205690B3008281B0 /* ReportsVC.swift */,
			);
			path = Reports;
			sourceTree = "<group>";
		};
		3509178F2074C4CA0000045C /* Settings */ = {
			isa = PBXGroup;
			children = (
				351E3E8B205BDBB4004A3414 /* SettingsVC.swift */,
				351410F120850698002F0D9E /* DefaultsVC.swift */,
			);
			path = Settings;
			sourceTree = "<group>";
		};
		350917902074C5380000045C /* Accounts */ = {
			isa = PBXGroup;
			children = (
				3563FF02205FD28C00B05E82 /* AccountsVC.swift */,
				351410ED2084773C002F0D9E /* CreateAccountVC.swift */,
			);
			path = Accounts;
			sourceTree = "<group>";
		};
		350917912074C5400000045C /* Categories */ = {
			isa = PBXGroup;
			children = (
				35EE3011206108FE0041F195 /* CategoriesVC.swift */,
			);
			path = Categories;
			sourceTree = "<group>";
		};
		350917922074C58E0000045C /* CustomViews */ = {
			isa = PBXGroup;
			children = (
				356E06F5206A755E004034AE /* GradientView.swift */,
				356E06F7206A802C004034AE /* GradientTableView.swift */,
				356E06F9206D59E1004034AE /* DesignableViews.swift */,
			);
			path = CustomViews;
			sourceTree = "<group>";
		};
		353104DD208731EF00C8DE95 /* Data Model */ = {
			isa = PBXGroup;
			children = (
				3566A78F2087413A0099BE67 /* DataModel.xcdatamodeld */,
				3566A7B2208B000F0099BE67 /* CategoryType.swift */,
				3566A7B4208B00680099BE67 /* AccountType.swift */,
				356B12DF208E0DE6007AF145 /* Operation.swift */,
			);
			path = "Data Model";
			sourceTree = "<group>";
		};
		3531C593207E75CA0055D0B4 /* ViewModels */ = {
			isa = PBXGroup;
			children = (
				356E06E320683C7A004034AE /* SettingsMenu.swift */,
				3531C598207E7C4B0055D0B4 /* BaseViewModel.swift */,
				3531C594207E76080055D0B4 /* CategoryVM.swift */,
				3531C596207E7A500055D0B4 /* AccountVM.swift */,
				3531C59A207E81BA0055D0B4 /* TransactionVM.swift */,
				3531C59C207F2D730055D0B4 /* ViewModelFactory.swift */,
			);
			path = ViewModels;
			sourceTree = "<group>";
		};
		353B47B9205690B3008281B0 = {
			isa = PBXGroup;
			children = (
				353B47C4205690B3008281B0 /* My budget */,
				353B47C3205690B3008281B0 /* Products */,
				CA933667C665FAE3A1F9FFA2 /* Pods */,
				BBE7EB3DA86593D62296FA15 /* Frameworks */,
			);
			sourceTree = "<group>";
		};
		353B47C3205690B3008281B0 /* Products */ = {
			isa = PBXGroup;
			children = (
				353B47C2205690B3008281B0 /* My budget.app */,
			);
			name = Products;
			sourceTree = "<group>";
		};
		353B47C4205690B3008281B0 /* My budget */ = {
			isa = PBXGroup;
			children = (
				353B47D720593084008281B0 /* Source */,
				353B47D9205930B6008281B0 /* Resources */,
				353B47D1205690B3008281B0 /* Info.plist */,
			);
			path = "My budget";
			sourceTree = "<group>";
		};
		353B47D720593084008281B0 /* Source */ = {
			isa = PBXGroup;
			children = (
				3566A7A7208A73680099BE67 /* Data Managers */,
				353104DD208731EF00C8DE95 /* Data Model */,
				3567747A205FA8C500743FCA /* Constants */,
				35F012112063B960008EE633 /* Services */,
				35EE3013206110DA0041F195 /* Utilities */,
				3531C593207E75CA0055D0B4 /* ViewModels */,
				353B47DC20593113008281B0 /* Views */,
				353B47DB20593106008281B0 /* Controllers */,
				353B47DA205930F8008281B0 /* Application */,
			);
			path = Source;
			sourceTree = "<group>";
		};
		353B47D8205930A6008281B0 /* Storyboards */ = {
			isa = PBXGroup;
			children = (
				353B47C9205690B3008281B0 /* Main.storyboard */,
				353B47CE205690B3008281B0 /* LaunchScreen.storyboard */,
			);
			path = Storyboards;
			sourceTree = "<group>";
		};
		353B47D9205930B6008281B0 /* Resources */ = {
			isa = PBXGroup;
			children = (
				356E06EF20693E25004034AE /* Assets.xcassets */,
				356E06ED2068D084004034AE /* currencies.json */,
				353B47D8205930A6008281B0 /* Storyboards */,
			);
			path = Resources;
			sourceTree = "<group>";
		};
		353B47DA205930F8008281B0 /* Application */ = {
			isa = PBXGroup;
			children = (
				353B47C5205690B3008281B0 /* AppDelegate.swift */,
			);
			path = Application;
			sourceTree = "<group>";
		};
		353B47DB20593106008281B0 /* Controllers */ = {
			isa = PBXGroup;
			children = (
				3509178C2074C2CF0000045C /* Base */,
				350917902074C5380000045C /* Accounts */,
				350917912074C5400000045C /* Categories */,
				3509178E2074C4C10000045C /* Reports */,
				3509178F2074C4CA0000045C /* Settings */,
				3509178D2074C4A10000045C /* Transactions */,
			);
			path = Controllers;
			sourceTree = "<group>";
		};
		353B47DC20593113008281B0 /* Views */ = {
			isa = PBXGroup;
			children = (
				350917922074C58E0000045C /* CustomViews */,
				3567747D205FA9A500743FCA /* Cells */,
				356E06D9206666E3004034AE /* Extentions */,
			);
			path = Views;
			sourceTree = "<group>";
		};
		3566A7A7208A73680099BE67 /* Data Managers */ = {
			isa = PBXGroup;
			children = (
				3566A7A8208A73B80099BE67 /* BaseDataManager.swift */,
				3566A7AC208A79DD0099BE67 /* DataManager.swift */,
				3566A7AE208A89930099BE67 /* IncomeCategoryManager.swift */,
				3566A7B0208A8ADD0099BE67 /* ExpenseCategoryManager.swift */,
			);
			path = "Data Managers";
			sourceTree = "<group>";
		};
		3567747A205FA8C500743FCA /* Constants */ = {
			isa = PBXGroup;
			children = (
				3567747B205FA8EC00743FCA /* Constants.swift */,
			);
			path = Constants;
			sourceTree = "<group>";
		};
		3567747D205FA9A500743FCA /* Cells */ = {
			isa = PBXGroup;
			children = (
				35EE301D206118BA0041F195 /* BaseCell.swift */,
				3567747E205FA9D200743FCA /* SettingsCell.swift */,
				35EE30192061188A0041F195 /* CategoryCell.swift */,
				35EE301B206118AC0041F195 /* AccountCell.swift */,
				356E06F1206A5699004034AE /* TransactionCell.swift */,
			);
			path = Cells;
			sourceTree = "<group>";
		};
		356E06D9206666E3004034AE /* Extentions */ = {
			isa = PBXGroup;
			children = (
				356E06D7206666D7004034AE /* UIViewExt.swift */,
				351E3E95205BED6D004A3414 /* CAGradientLayerExt.swift */,
				357E0D27206E858B00205970 /* UITextFieldExt.swift */,
			);
			path = Extentions;
			sourceTree = "<group>";
		};
		35EE3013206110DA0041F195 /* Utilities */ = {
			isa = PBXGroup;
			children = (
				3531C5A22081105C0055D0B4 /* QRCodeParser.swift */,
				35EE3015206111230041F195 /* EnumCollectionExt.swift */,
				3515E0F92073655900ED0363 /* NotificationNameExt.swift */,
				357E0D2B206E9F2B00205970 /* Helper.swift */,
			);
			path = Utilities;
			sourceTree = "<group>";
		};
		35F012112063B960008EE633 /* Services */ = {
			isa = PBXGroup;
			children = (
				35F012122063B9D7008EE633 /* InstallationManager.swift */,
				351410EF2084890F002F0D9E /* UserSettings.swift */,
			);
			path = Services;
			sourceTree = "<group>";
		};
		BBE7EB3DA86593D62296FA15 /* Frameworks */ = {
			isa = PBXGroup;
			children = (
				69DEC8F5A04C9758775ECEB6 /* Pods_My_budget.framework */,
			);
			name = Frameworks;
			sourceTree = "<group>";
		};
		CA933667C665FAE3A1F9FFA2 /* Pods */ = {
			isa = PBXGroup;
			children = (
				4888D73EADFA49F664FD0830 /* Pods-My budget.debug.xcconfig */,
				EE55D91628C8CD8C214428C4 /* Pods-My budget.release.xcconfig */,
			);
			name = Pods;
			sourceTree = "<group>";
		};
/* End PBXGroup section */

/* Begin PBXNativeTarget section */
		353B47C1205690B3008281B0 /* My budget */ = {
			isa = PBXNativeTarget;
			buildConfigurationList = 353B47D4205690B3008281B0 /* Build configuration list for PBXNativeTarget "My budget" */;
			buildPhases = (
				B81FA6B33ADB550D7132DB4F /* [CP] Check Pods Manifest.lock */,
				353B47BE205690B3008281B0 /* Sources */,
				353B47BF205690B3008281B0 /* Frameworks */,
				353B47C0205690B3008281B0 /* Resources */,
				10151550EBA8810B03B16E3D /* [CP] Embed Pods Frameworks */,
				A2A2DCB9A98F9C7683889771 /* [CP] Copy Pods Resources */,
			);
			buildRules = (
			);
			dependencies = (
			);
			name = "My budget";
			productName = "My budget";
			productReference = 353B47C2205690B3008281B0 /* My budget.app */;
			productType = "com.apple.product-type.application";
		};
/* End PBXNativeTarget section */

/* Begin PBXProject section */
		353B47BA205690B3008281B0 /* Project object */ = {
			isa = PBXProject;
			attributes = {
				LastSwiftUpdateCheck = 0920;
				LastUpgradeCheck = 0930;
				ORGANIZATIONNAME = "Николай Маторин";
				TargetAttributes = {
					353B47C1205690B3008281B0 = {
						CreatedOnToolsVersion = 9.2;
						ProvisioningStyle = Automatic;
					};
				};
			};
			buildConfigurationList = 353B47BD205690B3008281B0 /* Build configuration list for PBXProject "My budget" */;
			compatibilityVersion = "Xcode 8.0";
			developmentRegion = en;
			hasScannedForEncodings = 0;
			knownRegions = (
				en,
				Base,
			);
			mainGroup = 353B47B9205690B3008281B0;
			productRefGroup = 353B47C3205690B3008281B0 /* Products */;
			projectDirPath = "";
			projectRoot = "";
			targets = (
				353B47C1205690B3008281B0 /* My budget */,
			);
		};
/* End PBXProject section */

/* Begin PBXResourcesBuildPhase section */
		353B47C0205690B3008281B0 /* Resources */ = {
			isa = PBXResourcesBuildPhase;
			buildActionMask = 2147483647;
			files = (
				353B47D0205690B3008281B0 /* LaunchScreen.storyboard in Resources */,
				353B47CB205690B3008281B0 /* Main.storyboard in Resources */,
				356E06EE2068D084004034AE /* currencies.json in Resources */,
				356E06F020693E26004034AE /* Assets.xcassets in Resources */,
			);
			runOnlyForDeploymentPostprocessing = 0;
		};
/* End PBXResourcesBuildPhase section */

/* Begin PBXShellScriptBuildPhase section */
		10151550EBA8810B03B16E3D /* [CP] Embed Pods Frameworks */ = {
			isa = PBXShellScriptBuildPhase;
			buildActionMask = 2147483647;
			files = (
			);
			inputPaths = (
				"${SRCROOT}/Pods/Target Support Files/Pods-My budget/Pods-My budget-frameworks.sh",
				"${BUILT_PRODUCTS_DIR}/Realm/Realm.framework",
				"${BUILT_PRODUCTS_DIR}/RealmSwift/RealmSwift.framework",
				"${BUILT_PRODUCTS_DIR}/SwiftyJSON/SwiftyJSON.framework",
			);
			name = "[CP] Embed Pods Frameworks";
			outputPaths = (
				"${TARGET_BUILD_DIR}/${FRAMEWORKS_FOLDER_PATH}/Realm.framework",
				"${TARGET_BUILD_DIR}/${FRAMEWORKS_FOLDER_PATH}/RealmSwift.framework",
				"${TARGET_BUILD_DIR}/${FRAMEWORKS_FOLDER_PATH}/SwiftyJSON.framework",
			);
			runOnlyForDeploymentPostprocessing = 0;
			shellPath = /bin/sh;
			shellScript = "\"${SRCROOT}/Pods/Target Support Files/Pods-My budget/Pods-My budget-frameworks.sh\"\n";
			showEnvVarsInLog = 0;
		};
		A2A2DCB9A98F9C7683889771 /* [CP] Copy Pods Resources */ = {
			isa = PBXShellScriptBuildPhase;
			buildActionMask = 2147483647;
			files = (
			);
			inputPaths = (
			);
			name = "[CP] Copy Pods Resources";
			outputPaths = (
			);
			runOnlyForDeploymentPostprocessing = 0;
			shellPath = /bin/sh;
			shellScript = "\"${SRCROOT}/Pods/Target Support Files/Pods-My budget/Pods-My budget-resources.sh\"\n";
			showEnvVarsInLog = 0;
		};
		B81FA6B33ADB550D7132DB4F /* [CP] Check Pods Manifest.lock */ = {
			isa = PBXShellScriptBuildPhase;
			buildActionMask = 2147483647;
			files = (
			);
			inputPaths = (
				"${PODS_PODFILE_DIR_PATH}/Podfile.lock",
				"${PODS_ROOT}/Manifest.lock",
			);
			name = "[CP] Check Pods Manifest.lock";
			outputPaths = (
				"$(DERIVED_FILE_DIR)/Pods-My budget-checkManifestLockResult.txt",
			);
			runOnlyForDeploymentPostprocessing = 0;
			shellPath = /bin/sh;
			shellScript = "diff \"${PODS_PODFILE_DIR_PATH}/Podfile.lock\" \"${PODS_ROOT}/Manifest.lock\" > /dev/null\nif [ $? != 0 ] ; then\n    # print error to STDERR\n    echo \"error: The sandbox is not in sync with the Podfile.lock. Run 'pod install' or update your CocoaPods installation.\" >&2\n    exit 1\nfi\n# This output is used by Xcode 'outputs' to avoid re-running this script phase.\necho \"SUCCESS\" > \"${SCRIPT_OUTPUT_FILE_0}\"\n";
			showEnvVarsInLog = 0;
		};
/* End PBXShellScriptBuildPhase section */

/* Begin PBXSourcesBuildPhase section */
		353B47BE205690B3008281B0 /* Sources */ = {
			isa = PBXSourcesBuildPhase;
			buildActionMask = 2147483647;
			files = (
				3566A7A9208A73B80099BE67 /* BaseDataManager.swift in Sources */,
				351E3E8E205BDC22004A3414 /* BaseTabBarController.swift in Sources */,
				3566A7AF208A89930099BE67 /* IncomeCategoryManager.swift in Sources */,
				357E0D2A206E97F100205970 /* BaseVC.swift in Sources */,
				351E3E8A205BDB95004A3414 /* TransactionsVC.swift in Sources */,
				35EE301A2061188A0041F195 /* CategoryCell.swift in Sources */,
				3566A7AD208A79DD0099BE67 /* DataManager.swift in Sources */,
				35EE301E206118BA0041F195 /* BaseCell.swift in Sources */,
				3531C595207E76080055D0B4 /* CategoryVM.swift in Sources */,
				357E0D28206E858B00205970 /* UITextFieldExt.swift in Sources */,
				356E06FA206D59E1004034AE /* DesignableViews.swift in Sources */,
				356E06F4206A6C9C004034AE /* TransactionDetailVC.swift in Sources */,
				356E06D8206666D7004034AE /* UIViewExt.swift in Sources */,
				3531C5A1208091AB0055D0B4 /* QRScannerVC.swift in Sources */,
				356E06E420683C7A004034AE /* SettingsMenu.swift in Sources */,
				3531C59B207E81BA0055D0B4 /* TransactionVM.swift in Sources */,
				35EE3016206111230041F195 /* EnumCollectionExt.swift in Sources */,
				351410F220850698002F0D9E /* DefaultsVC.swift in Sources */,
				353B47C8205690B3008281B0 /* ReportsVC.swift in Sources */,
				3531C5A32081105C0055D0B4 /* QRCodeParser.swift in Sources */,
				351410EE2084773C002F0D9E /* CreateAccountVC.swift in Sources */,
				356B12DA208DEE35007AF145 /* CreateTransactionVC.swift in Sources */,
				3563FF05205FD77900B05E82 /* BaseTableVC.swift in Sources */,
				3566A7912087413A0099BE67 /* DataModel.xcdatamodeld in Sources */,
				3563FF03205FD28C00B05E82 /* AccountsVC.swift in Sources */,
				3567747F205FA9D200743FCA /* SettingsCell.swift in Sources */,
				351E3E96205BED6D004A3414 /* CAGradientLayerExt.swift in Sources */,
				351410F02084890F002F0D9E /* UserSettings.swift in Sources */,
				356E06F8206A802C004034AE /* GradientTableView.swift in Sources */,
				3531C597207E7A500055D0B4 /* AccountVM.swift in Sources */,
				35EE3012206108FF0041F195 /* CategoriesVC.swift in Sources */,
				356E06F2206A5699004034AE /* TransactionCell.swift in Sources */,
				356B12DE208DF6C7007AF145 /* BaseTransactionVC.swift in Sources */,
				3515E0FA2073655900ED0363 /* NotificationNameExt.swift in Sources */,
				3531C59D207F2D730055D0B4 /* ViewModelFactory.swift in Sources */,
				3531C599207E7C4B0055D0B4 /* BaseViewModel.swift in Sources */,
				357E0D2C206E9F2B00205970 /* Helper.swift in Sources */,
				35EE301C206118AC0041F195 /* AccountCell.swift in Sources */,
				3566A7B3208B000F0099BE67 /* CategoryType.swift in Sources */,
				35F012132063B9D7008EE633 /* InstallationManager.swift in Sources */,
				3567747C205FA8EC00743FCA /* Constants.swift in Sources */,
				356B12E0208E0DE6007AF145 /* Operation.swift in Sources */,
				353B47C6205690B3008281B0 /* AppDelegate.swift in Sources */,
				3566A7B5208B00680099BE67 /* AccountType.swift in Sources */,
				356E06F6206A755E004034AE /* GradientView.swift in Sources */,
				351E3E8C205BDBB4004A3414 /* SettingsVC.swift in Sources */,
				3566A7B1208A8ADD0099BE67 /* ExpenseCategoryManager.swift in Sources */,
			);
			runOnlyForDeploymentPostprocessing = 0;
		};
/* End PBXSourcesBuildPhase section */

/* Begin PBXVariantGroup section */
		353B47C9205690B3008281B0 /* Main.storyboard */ = {
			isa = PBXVariantGroup;
			children = (
				353B47CA205690B3008281B0 /* Base */,
			);
			name = Main.storyboard;
			sourceTree = "<group>";
		};
		353B47CE205690B3008281B0 /* LaunchScreen.storyboard */ = {
			isa = PBXVariantGroup;
			children = (
				353B47CF205690B3008281B0 /* Base */,
			);
			name = LaunchScreen.storyboard;
			sourceTree = "<group>";
		};
/* End PBXVariantGroup section */

/* Begin XCBuildConfiguration section */
		353B47D2205690B3008281B0 /* Debug */ = {
			isa = XCBuildConfiguration;
			buildSettings = {
				ALWAYS_SEARCH_USER_PATHS = NO;
				CLANG_ANALYZER_NONNULL = YES;
				CLANG_ANALYZER_NUMBER_OBJECT_CONVERSION = YES_AGGRESSIVE;
				CLANG_CXX_LANGUAGE_STANDARD = "gnu++14";
				CLANG_CXX_LIBRARY = "libc++";
				CLANG_ENABLE_MODULES = YES;
				CLANG_ENABLE_OBJC_ARC = YES;
				CLANG_WARN_BLOCK_CAPTURE_AUTORELEASING = YES;
				CLANG_WARN_BOOL_CONVERSION = YES;
				CLANG_WARN_COMMA = YES;
				CLANG_WARN_CONSTANT_CONVERSION = YES;
				CLANG_WARN_DEPRECATED_OBJC_IMPLEMENTATIONS = YES;
				CLANG_WARN_DIRECT_OBJC_ISA_USAGE = YES_ERROR;
				CLANG_WARN_DOCUMENTATION_COMMENTS = YES;
				CLANG_WARN_EMPTY_BODY = YES;
				CLANG_WARN_ENUM_CONVERSION = YES;
				CLANG_WARN_INFINITE_RECURSION = YES;
				CLANG_WARN_INT_CONVERSION = YES;
				CLANG_WARN_NON_LITERAL_NULL_CONVERSION = YES;
				CLANG_WARN_OBJC_IMPLICIT_RETAIN_SELF = YES;
				CLANG_WARN_OBJC_LITERAL_CONVERSION = YES;
				CLANG_WARN_OBJC_ROOT_CLASS = YES_ERROR;
				CLANG_WARN_RANGE_LOOP_ANALYSIS = YES;
				CLANG_WARN_STRICT_PROTOTYPES = YES;
				CLANG_WARN_SUSPICIOUS_MOVE = YES;
				CLANG_WARN_UNGUARDED_AVAILABILITY = YES_AGGRESSIVE;
				CLANG_WARN_UNREACHABLE_CODE = YES;
				CLANG_WARN__DUPLICATE_METHOD_MATCH = YES;
				CODE_SIGN_IDENTITY = "iPhone Developer";
				COPY_PHASE_STRIP = NO;
				DEBUG_INFORMATION_FORMAT = dwarf;
				ENABLE_STRICT_OBJC_MSGSEND = YES;
				ENABLE_TESTABILITY = YES;
				GCC_C_LANGUAGE_STANDARD = gnu11;
				GCC_DYNAMIC_NO_PIC = NO;
				GCC_NO_COMMON_BLOCKS = YES;
				GCC_OPTIMIZATION_LEVEL = 0;
				GCC_PREPROCESSOR_DEFINITIONS = (
					"DEBUG=1",
					"$(inherited)",
				);
				GCC_WARN_64_TO_32_BIT_CONVERSION = YES;
				GCC_WARN_ABOUT_RETURN_TYPE = YES_ERROR;
				GCC_WARN_UNDECLARED_SELECTOR = YES;
				GCC_WARN_UNINITIALIZED_AUTOS = YES_AGGRESSIVE;
				GCC_WARN_UNUSED_FUNCTION = YES;
				GCC_WARN_UNUSED_VARIABLE = YES;
				IPHONEOS_DEPLOYMENT_TARGET = 10.0;
				MTL_ENABLE_DEBUG_INFO = YES;
				ONLY_ACTIVE_ARCH = YES;
				SDKROOT = iphoneos;
				SWIFT_ACTIVE_COMPILATION_CONDITIONS = DEBUG;
				SWIFT_OPTIMIZATION_LEVEL = "-Onone";
			};
			name = Debug;
		};
		353B47D3205690B3008281B0 /* Release */ = {
			isa = XCBuildConfiguration;
			buildSettings = {
				ALWAYS_SEARCH_USER_PATHS = NO;
				CLANG_ANALYZER_NONNULL = YES;
				CLANG_ANALYZER_NUMBER_OBJECT_CONVERSION = YES_AGGRESSIVE;
				CLANG_CXX_LANGUAGE_STANDARD = "gnu++14";
				CLANG_CXX_LIBRARY = "libc++";
				CLANG_ENABLE_MODULES = YES;
				CLANG_ENABLE_OBJC_ARC = YES;
				CLANG_WARN_BLOCK_CAPTURE_AUTORELEASING = YES;
				CLANG_WARN_BOOL_CONVERSION = YES;
				CLANG_WARN_COMMA = YES;
				CLANG_WARN_CONSTANT_CONVERSION = YES;
				CLANG_WARN_DEPRECATED_OBJC_IMPLEMENTATIONS = YES;
				CLANG_WARN_DIRECT_OBJC_ISA_USAGE = YES_ERROR;
				CLANG_WARN_DOCUMENTATION_COMMENTS = YES;
				CLANG_WARN_EMPTY_BODY = YES;
				CLANG_WARN_ENUM_CONVERSION = YES;
				CLANG_WARN_INFINITE_RECURSION = YES;
				CLANG_WARN_INT_CONVERSION = YES;
				CLANG_WARN_NON_LITERAL_NULL_CONVERSION = YES;
				CLANG_WARN_OBJC_IMPLICIT_RETAIN_SELF = YES;
				CLANG_WARN_OBJC_LITERAL_CONVERSION = YES;
				CLANG_WARN_OBJC_ROOT_CLASS = YES_ERROR;
				CLANG_WARN_RANGE_LOOP_ANALYSIS = YES;
				CLANG_WARN_STRICT_PROTOTYPES = YES;
				CLANG_WARN_SUSPICIOUS_MOVE = YES;
				CLANG_WARN_UNGUARDED_AVAILABILITY = YES_AGGRESSIVE;
				CLANG_WARN_UNREACHABLE_CODE = YES;
				CLANG_WARN__DUPLICATE_METHOD_MATCH = YES;
				CODE_SIGN_IDENTITY = "iPhone Developer";
				COPY_PHASE_STRIP = NO;
				DEBUG_INFORMATION_FORMAT = "dwarf-with-dsym";
				ENABLE_NS_ASSERTIONS = NO;
				ENABLE_STRICT_OBJC_MSGSEND = YES;
				GCC_C_LANGUAGE_STANDARD = gnu11;
				GCC_NO_COMMON_BLOCKS = YES;
				GCC_WARN_64_TO_32_BIT_CONVERSION = YES;
				GCC_WARN_ABOUT_RETURN_TYPE = YES_ERROR;
				GCC_WARN_UNDECLARED_SELECTOR = YES;
				GCC_WARN_UNINITIALIZED_AUTOS = YES_AGGRESSIVE;
				GCC_WARN_UNUSED_FUNCTION = YES;
				GCC_WARN_UNUSED_VARIABLE = YES;
				IPHONEOS_DEPLOYMENT_TARGET = 10.0;
				MTL_ENABLE_DEBUG_INFO = NO;
				SDKROOT = iphoneos;
				SWIFT_OPTIMIZATION_LEVEL = "-Owholemodule";
				VALIDATE_PRODUCT = YES;
			};
			name = Release;
		};
		353B47D5205690B3008281B0 /* Debug */ = {
			isa = XCBuildConfiguration;
			baseConfigurationReference = 4888D73EADFA49F664FD0830 /* Pods-My budget.debug.xcconfig */;
			buildSettings = {
				ASSETCATALOG_COMPILER_APPICON_NAME = AppIcon;
				CODE_SIGN_STYLE = Automatic;
				DEVELOPMENT_TEAM = M64J2FC2KN;
				INFOPLIST_FILE = "My budget/Info.plist";
				IPHONEOS_DEPLOYMENT_TARGET = 10.0;
				LD_RUNPATH_SEARCH_PATHS = "$(inherited) @executable_path/Frameworks";
				PRODUCT_BUNDLE_IDENTIFIER = "com.bobkexit.My-budget";
				PRODUCT_NAME = "$(TARGET_NAME)";
				SWIFT_VERSION = 4.0;
				TARGETED_DEVICE_FAMILY = "1,2";
			};
			name = Debug;
		};
		353B47D6205690B3008281B0 /* Release */ = {
			isa = XCBuildConfiguration;
			baseConfigurationReference = EE55D91628C8CD8C214428C4 /* Pods-My budget.release.xcconfig */;
			buildSettings = {
				ASSETCATALOG_COMPILER_APPICON_NAME = AppIcon;
				CODE_SIGN_STYLE = Automatic;
				DEVELOPMENT_TEAM = M64J2FC2KN;
				INFOPLIST_FILE = "My budget/Info.plist";
				IPHONEOS_DEPLOYMENT_TARGET = 10.0;
				LD_RUNPATH_SEARCH_PATHS = "$(inherited) @executable_path/Frameworks";
				PRODUCT_BUNDLE_IDENTIFIER = "com.bobkexit.My-budget";
				PRODUCT_NAME = "$(TARGET_NAME)";
				SWIFT_VERSION = 4.0;
				TARGETED_DEVICE_FAMILY = "1,2";
			};
			name = Release;
		};
/* End XCBuildConfiguration section */

/* Begin XCConfigurationList section */
		353B47BD205690B3008281B0 /* Build configuration list for PBXProject "My budget" */ = {
			isa = XCConfigurationList;
			buildConfigurations = (
				353B47D2205690B3008281B0 /* Debug */,
				353B47D3205690B3008281B0 /* Release */,
			);
			defaultConfigurationIsVisible = 0;
			defaultConfigurationName = Release;
		};
		353B47D4205690B3008281B0 /* Build configuration list for PBXNativeTarget "My budget" */ = {
			isa = XCConfigurationList;
			buildConfigurations = (
				353B47D5205690B3008281B0 /* Debug */,
				353B47D6205690B3008281B0 /* Release */,
			);
			defaultConfigurationIsVisible = 0;
			defaultConfigurationName = Release;
		};
/* End XCConfigurationList section */

/* Begin XCVersionGroup section */
		3566A78F2087413A0099BE67 /* DataModel.xcdatamodeld */ = {
			isa = XCVersionGroup;
			children = (
				3566A7902087413A0099BE67 /* DataModel.xcdatamodel */,
			);
			currentVersion = 3566A7902087413A0099BE67 /* DataModel.xcdatamodel */;
			path = DataModel.xcdatamodeld;
			sourceTree = "<group>";
			versionGroupType = wrapper.xcdatamodel;
		};
/* End XCVersionGroup section */
	};
	rootObject = 353B47BA205690B3008281B0 /* Project object */;
}
