// !$*UTF8*$!
{
	archiveVersion = 1;
	classes = {
	};
	objectVersion = 52;
	objects = {

/* Begin PBXBuildFile section */
		3513738C24C82360001E7697 /* AccountsController.swift in Sources */ = {isa = PBXBuildFile; fileRef = 3513738B24C82360001E7697 /* AccountsController.swift */; };
		3513738E24C82702001E7697 /* AccountsViewController.swift in Sources */ = {isa = PBXBuildFile; fileRef = 3513738D24C82702001E7697 /* AccountsViewController.swift */; };
		3513739024C82723001E7697 /* AccountsDataSource.swift in Sources */ = {isa = PBXBuildFile; fileRef = 3513738F24C82723001E7697 /* AccountsDataSource.swift */; };
		351410EE2084773C002F0D9E /* CreateAccountVC.swift in Sources */ = {isa = PBXBuildFile; fileRef = 351410ED2084773C002F0D9E /* CreateAccountVC.swift */; };
		351410F02084890F002F0D9E /* UserSettings.swift in Sources */ = {isa = PBXBuildFile; fileRef = 351410EF2084890F002F0D9E /* UserSettings.swift */; };
		351410F220850698002F0D9E /* DefaultsVC.swift in Sources */ = {isa = PBXBuildFile; fileRef = 351410F120850698002F0D9E /* DefaultsVC.swift */; };
		3515E0FA2073655900ED0363 /* NotificationNameExt.swift in Sources */ = {isa = PBXBuildFile; fileRef = 3515E0F92073655900ED0363 /* NotificationNameExt.swift */; };
		351E3E8A205BDB95004A3414 /* TransactionsVC.swift in Sources */ = {isa = PBXBuildFile; fileRef = 351E3E89205BDB95004A3414 /* TransactionsVC.swift */; };
		351E3E8C205BDBB4004A3414 /* SettingsVC.swift in Sources */ = {isa = PBXBuildFile; fileRef = 351E3E8B205BDBB4004A3414 /* SettingsVC.swift */; };
		351E3E8E205BDC22004A3414 /* BaseTabBarController.swift in Sources */ = {isa = PBXBuildFile; fileRef = 351E3E8D205BDC22004A3414 /* BaseTabBarController.swift */; };
		351E3E96205BED6D004A3414 /* CAGradientLayerExt.swift in Sources */ = {isa = PBXBuildFile; fileRef = 351E3E95205BED6D004A3414 /* CAGradientLayerExt.swift */; };
		351EEFD324C1B12A00EE5254 /* AccountDTO.swift in Sources */ = {isa = PBXBuildFile; fileRef = 351EEFD224C1B12A00EE5254 /* AccountDTO.swift */; };
		351EEFD524C1B27100EE5254 /* CategoryDTO.swift in Sources */ = {isa = PBXBuildFile; fileRef = 351EEFD424C1B27100EE5254 /* CategoryDTO.swift */; };
		351EEFD724C1B2EA00EE5254 /* TransactionDTO.swift in Sources */ = {isa = PBXBuildFile; fileRef = 351EEFD624C1B2EA00EE5254 /* TransactionDTO.swift */; };
		351EEFDA24C1B68D00EE5254 /* Repository.swift in Sources */ = {isa = PBXBuildFile; fileRef = 351EEFD924C1B68D00EE5254 /* Repository.swift */; };
		351EEFE224C2376700EE5254 /* TransactionsController.swift in Sources */ = {isa = PBXBuildFile; fileRef = 351EEFE124C2376700EE5254 /* TransactionsController.swift */; };
		351EEFE424C2402600EE5254 /* TransactionCellConfigurator.swift in Sources */ = {isa = PBXBuildFile; fileRef = 351EEFE324C2402600EE5254 /* TransactionCellConfigurator.swift */; };
		3522AFE52091C2A900D17AAF /* Report.swift in Sources */ = {isa = PBXBuildFile; fileRef = 3522AFE42091C2A900D17AAF /* Report.swift */; };
		3522AFE72091C3EC00D17AAF /* DatePeriod.swift in Sources */ = {isa = PBXBuildFile; fileRef = 3522AFE62091C3EC00D17AAF /* DatePeriod.swift */; };
		3522AFE92091C49300D17AAF /* ReportManager.swift in Sources */ = {isa = PBXBuildFile; fileRef = 3522AFE82091C49300D17AAF /* ReportManager.swift */; };
		3522AFED2091C60200D17AAF /* ExpensesReport.swift in Sources */ = {isa = PBXBuildFile; fileRef = 3522AFEC2091C60200D17AAF /* ExpensesReport.swift */; };
		3522AFEF2091E1BD00D17AAF /* ReportCell.swift in Sources */ = {isa = PBXBuildFile; fileRef = 3522AFEE2091E1BD00D17AAF /* ReportCell.swift */; };
		3522AFF12091E4DB00D17AAF /* ExpensesReportVC.swift in Sources */ = {isa = PBXBuildFile; fileRef = 3522AFF02091E4DB00D17AAF /* ExpensesReportVC.swift */; };
		3522AFF32091E5B800D17AAF /* BaseReportVC.swift in Sources */ = {isa = PBXBuildFile; fileRef = 3522AFF22091E5B800D17AAF /* BaseReportVC.swift */; };
		3522AFF52092192300D17AAF /* TransactionExt.swift in Sources */ = {isa = PBXBuildFile; fileRef = 3522AFF42092192300D17AAF /* TransactionExt.swift */; };
		3522AFF82092331D00D17AAF /* PercentageValueFormatter.swift in Sources */ = {isa = PBXBuildFile; fileRef = 3522AFF72092331D00D17AAF /* PercentageValueFormatter.swift */; };
		3522AFFA209235D000D17AAF /* CurrencyValueFormatter.swift in Sources */ = {isa = PBXBuildFile; fileRef = 3522AFF9209235D000D17AAF /* CurrencyValueFormatter.swift */; };
		3522AFFC2092F78D00D17AAF /* BalanceReport.swift in Sources */ = {isa = PBXBuildFile; fileRef = 3522AFFB2092F78D00D17AAF /* BalanceReport.swift */; };
		3522AFFE2092F7D200D17AAF /* BaseReport.swift in Sources */ = {isa = PBXBuildFile; fileRef = 3522AFFD2092F7D200D17AAF /* BaseReport.swift */; };
		3522B0032092FBE300D17AAF /* BalanceReportVC.swift in Sources */ = {isa = PBXBuildFile; fileRef = 3522B0022092FBE300D17AAF /* BalanceReportVC.swift */; };
		3522B0052093849300D17AAF /* AccountBalanceCell.swift in Sources */ = {isa = PBXBuildFile; fileRef = 3522B0042093849300D17AAF /* AccountBalanceCell.swift */; };
		3522B0072093990300D17AAF /* AccountBalanceVM.swift in Sources */ = {isa = PBXBuildFile; fileRef = 3522B0062093990300D17AAF /* AccountBalanceVM.swift */; };
		3522E11E208E45A10096E57C /* DataManagerFactory.swift in Sources */ = {isa = PBXBuildFile; fileRef = 3522E11D208E45A10096E57C /* DataManagerFactory.swift */; };
		3522E120208FCA480096E57C /* UpdatedTransactionVM.swift in Sources */ = {isa = PBXBuildFile; fileRef = 3522E11F208FCA480096E57C /* UpdatedTransactionVM.swift */; };
		3531C595207E76080055D0B4 /* CategoryVM.swift in Sources */ = {isa = PBXBuildFile; fileRef = 3531C594207E76080055D0B4 /* CategoryVM.swift */; };
		3531C597207E7A500055D0B4 /* AccountVM.swift in Sources */ = {isa = PBXBuildFile; fileRef = 3531C596207E7A500055D0B4 /* AccountVM.swift */; };
		3531C599207E7C4B0055D0B4 /* BaseViewModel.swift in Sources */ = {isa = PBXBuildFile; fileRef = 3531C598207E7C4B0055D0B4 /* BaseViewModel.swift */; };
		3531C59B207E81BA0055D0B4 /* TransactionVM.swift in Sources */ = {isa = PBXBuildFile; fileRef = 3531C59A207E81BA0055D0B4 /* TransactionVM.swift */; };
		3531C59D207F2D730055D0B4 /* ViewModelFactory.swift in Sources */ = {isa = PBXBuildFile; fileRef = 3531C59C207F2D730055D0B4 /* ViewModelFactory.swift */; };
		3531C5A1208091AB0055D0B4 /* QRScannerVC.swift in Sources */ = {isa = PBXBuildFile; fileRef = 3531C5A0208091AB0055D0B4 /* QRScannerVC.swift */; };
		3531C5A32081105C0055D0B4 /* QRCodeParser.swift in Sources */ = {isa = PBXBuildFile; fileRef = 3531C5A22081105C0055D0B4 /* QRCodeParser.swift */; };
		353B47C6205690B3008281B0 /* AppDelegate.swift in Sources */ = {isa = PBXBuildFile; fileRef = 353B47C5205690B3008281B0 /* AppDelegate.swift */; };
		353B47C8205690B3008281B0 /* ReportsVC.swift in Sources */ = {isa = PBXBuildFile; fileRef = 353B47C7205690B3008281B0 /* ReportsVC.swift */; };
		353B47CB205690B3008281B0 /* Main.storyboard in Resources */ = {isa = PBXBuildFile; fileRef = 353B47C9205690B3008281B0 /* Main.storyboard */; };
		353B47D0205690B3008281B0 /* LaunchScreen.storyboard in Resources */ = {isa = PBXBuildFile; fileRef = 353B47CE205690B3008281B0 /* LaunchScreen.storyboard */; };
		355BB03124C04C800080BE13 /* Realm in Frameworks */ = {isa = PBXBuildFile; productRef = 355BB03024C04C800080BE13 /* Realm */; };
		355BB03324C04C800080BE13 /* RealmSwift in Frameworks */ = {isa = PBXBuildFile; productRef = 355BB03224C04C800080BE13 /* RealmSwift */; };
		355BB03724C04CB40080BE13 /* Coordinator.swift in Sources */ = {isa = PBXBuildFile; fileRef = 355BB03624C04CB40080BE13 /* Coordinator.swift */; };
		355BB03924C04CCD0080BE13 /* AppCoordinator.swift in Sources */ = {isa = PBXBuildFile; fileRef = 355BB03824C04CCD0080BE13 /* AppCoordinator.swift */; };
		355BB03B24C04E950080BE13 /* TransactionsCoordinator.swift in Sources */ = {isa = PBXBuildFile; fileRef = 355BB03A24C04E950080BE13 /* TransactionsCoordinator.swift */; };
		355BB03D24C04FA20080BE13 /* ReportsCoordinator.swift in Sources */ = {isa = PBXBuildFile; fileRef = 355BB03C24C04FA20080BE13 /* ReportsCoordinator.swift */; };
		355BB03F24C04FE60080BE13 /* SettingsCoordinator.swift in Sources */ = {isa = PBXBuildFile; fileRef = 355BB03E24C04FE50080BE13 /* SettingsCoordinator.swift */; };
		3563FF03205FD28C00B05E82 /* AccountsVC.swift in Sources */ = {isa = PBXBuildFile; fileRef = 3563FF02205FD28C00B05E82 /* AccountsVC.swift */; };
		3563FF05205FD77900B05E82 /* BaseTableVC.swift in Sources */ = {isa = PBXBuildFile; fileRef = 3563FF04205FD77900B05E82 /* BaseTableVC.swift */; };
		35655C8F209493D4009FA85B /* CreateAccountVM.swift in Sources */ = {isa = PBXBuildFile; fileRef = 35655C8E209493D4009FA85B /* CreateAccountVM.swift */; };
		35655C942094CC5B009FA85B /* Localizable.strings in Resources */ = {isa = PBXBuildFile; fileRef = 35655C922094CC5B009FA85B /* Localizable.strings */; };
		3566A7912087413A0099BE67 /* DataModel.xcdatamodeld in Sources */ = {isa = PBXBuildFile; fileRef = 3566A78F2087413A0099BE67 /* DataModel.xcdatamodeld */; };
		3566A7A9208A73B80099BE67 /* BaseDataManager.swift in Sources */ = {isa = PBXBuildFile; fileRef = 3566A7A8208A73B80099BE67 /* BaseDataManager.swift */; };
		3566A7AD208A79DD0099BE67 /* DataManager.swift in Sources */ = {isa = PBXBuildFile; fileRef = 3566A7AC208A79DD0099BE67 /* DataManager.swift */; };
		3566A7AF208A89930099BE67 /* IncomeCategoryManager.swift in Sources */ = {isa = PBXBuildFile; fileRef = 3566A7AE208A89930099BE67 /* IncomeCategoryManager.swift */; };
		3566A7B1208A8ADD0099BE67 /* ExpenseCategoryManager.swift in Sources */ = {isa = PBXBuildFile; fileRef = 3566A7B0208A8ADD0099BE67 /* ExpenseCategoryManager.swift */; };
		3566A7B3208B000F0099BE67 /* CategoryType.swift in Sources */ = {isa = PBXBuildFile; fileRef = 3566A7B2208B000F0099BE67 /* CategoryType.swift */; };
		3566A7B5208B00680099BE67 /* AccountType.swift in Sources */ = {isa = PBXBuildFile; fileRef = 3566A7B4208B00680099BE67 /* AccountType.swift */; };
		3567747C205FA8EC00743FCA /* Constants.swift in Sources */ = {isa = PBXBuildFile; fileRef = 3567747B205FA8EC00743FCA /* Constants.swift */; };
		3567747F205FA9D200743FCA /* SettingsCell.swift in Sources */ = {isa = PBXBuildFile; fileRef = 3567747E205FA9D200743FCA /* SettingsCell.swift */; };
		356B12DA208DEE35007AF145 /* CreateTransactionVC.swift in Sources */ = {isa = PBXBuildFile; fileRef = 356B12D9208DEE35007AF145 /* CreateTransactionVC.swift */; };
		356B12DE208DF6C7007AF145 /* BaseTransactionVC.swift in Sources */ = {isa = PBXBuildFile; fileRef = 356B12DD208DF6C7007AF145 /* BaseTransactionVC.swift */; };
		356B12E0208E0DE6007AF145 /* Operation.swift in Sources */ = {isa = PBXBuildFile; fileRef = 356B12DF208E0DE6007AF145 /* Operation.swift */; };
		356E06D8206666D7004034AE /* UIViewExt.swift in Sources */ = {isa = PBXBuildFile; fileRef = 356E06D7206666D7004034AE /* UIViewExt.swift */; };
		356E06E420683C7A004034AE /* SettingsMenu.swift in Sources */ = {isa = PBXBuildFile; fileRef = 356E06E320683C7A004034AE /* SettingsMenu.swift */; };
		356E06F020693E26004034AE /* Assets.xcassets in Resources */ = {isa = PBXBuildFile; fileRef = 356E06EF20693E25004034AE /* Assets.xcassets */; };
		356E06F2206A5699004034AE /* TransactionCellOld.swift in Sources */ = {isa = PBXBuildFile; fileRef = 356E06F1206A5699004034AE /* TransactionCellOld.swift */; };
		356E06F4206A6C9C004034AE /* TransactionDetailVC.swift in Sources */ = {isa = PBXBuildFile; fileRef = 356E06F3206A6C9C004034AE /* TransactionDetailVC.swift */; };
		356E06F6206A755E004034AE /* GradientView.swift in Sources */ = {isa = PBXBuildFile; fileRef = 356E06F5206A755E004034AE /* GradientView.swift */; };
		356E06F8206A802C004034AE /* GradientTableView.swift in Sources */ = {isa = PBXBuildFile; fileRef = 356E06F7206A802C004034AE /* GradientTableView.swift */; };
		356E06FA206D59E1004034AE /* DesignableViews.swift in Sources */ = {isa = PBXBuildFile; fileRef = 356E06F9206D59E1004034AE /* DesignableViews.swift */; };
		357E0D28206E858B00205970 /* UITextFieldExt.swift in Sources */ = {isa = PBXBuildFile; fileRef = 357E0D27206E858B00205970 /* UITextFieldExt.swift */; };
		357E0D2A206E97F100205970 /* BaseVC.swift in Sources */ = {isa = PBXBuildFile; fileRef = 357E0D29206E97F100205970 /* BaseVC.swift */; };
		357E0D2C206E9F2B00205970 /* Helper.swift in Sources */ = {isa = PBXBuildFile; fileRef = 357E0D2B206E9F2B00205970 /* Helper.swift */; };
		3595DA6E209D777C008DFFA7 /* StringExt.swift in Sources */ = {isa = PBXBuildFile; fileRef = 3595DA6D209D777C008DFFA7 /* StringExt.swift */; };
		3598142E24C05B8F00788E84 /* AccountObject.swift in Sources */ = {isa = PBXBuildFile; fileRef = 3598142D24C05B8F00788E84 /* AccountObject.swift */; };
		3598143024C05E4600788E84 /* CategoryObject.swift in Sources */ = {isa = PBXBuildFile; fileRef = 3598142F24C05E4600788E84 /* CategoryObject.swift */; };
		3598143224C05E5E00788E84 /* TransactionObject.swift in Sources */ = {isa = PBXBuildFile; fileRef = 3598143124C05E5E00788E84 /* TransactionObject.swift */; };
		3598143524C0691700788E84 /* RealmMigration.swift in Sources */ = {isa = PBXBuildFile; fileRef = 3598143424C0691700788E84 /* RealmMigration.swift */; };
		3598143924C0BAD700788E84 /* LoadingViewController.swift in Sources */ = {isa = PBXBuildFile; fileRef = 3598143824C0BAD700788E84 /* LoadingViewController.swift */; };
		3598143C24C0BC6D00788E84 /* Lottie in Frameworks */ = {isa = PBXBuildFile; productRef = 3598143B24C0BC6D00788E84 /* Lottie */; };
		3598144724C0C45A00788E84 /* loading4.json in Resources */ = {isa = PBXBuildFile; fileRef = 3598144624C0C45900788E84 /* loading4.json */; };
		3598144C24C0C7BF00788E84 /* UIColor+Ext.swift in Sources */ = {isa = PBXBuildFile; fileRef = 3598144B24C0C7BF00788E84 /* UIColor+Ext.swift */; };
		3598144E24C0C7F300788E84 /* AppStyle.swift in Sources */ = {isa = PBXBuildFile; fileRef = 3598144D24C0C7F300788E84 /* AppStyle.swift */; };
		3598145024C0D1BA00788E84 /* LoadingPresenter.swift in Sources */ = {isa = PBXBuildFile; fileRef = 3598144F24C0D1BA00788E84 /* LoadingPresenter.swift */; };
		3598145624C0E76000788E84 /* ReportsViewController.swift in Sources */ = {isa = PBXBuildFile; fileRef = 3598145524C0E76000788E84 /* ReportsViewController.swift */; };
		3598145824C0E77100788E84 /* TransactionsViewController.swift in Sources */ = {isa = PBXBuildFile; fileRef = 3598145724C0E77100788E84 /* TransactionsViewController.swift */; };
		3598145A24C0E77C00788E84 /* SettingsViewController.swift in Sources */ = {isa = PBXBuildFile; fileRef = 3598145924C0E77C00788E84 /* SettingsViewController.swift */; };
		3598145C24C18BEC00788E84 /* TransactionCell.swift in Sources */ = {isa = PBXBuildFile; fileRef = 3598145B24C18BEC00788E84 /* TransactionCell.swift */; };
		35EE3012206108FF0041F195 /* CategoriesVC.swift in Sources */ = {isa = PBXBuildFile; fileRef = 35EE3011206108FE0041F195 /* CategoriesVC.swift */; };
		35EE3016206111230041F195 /* EnumCollectionExt.swift in Sources */ = {isa = PBXBuildFile; fileRef = 35EE3015206111230041F195 /* EnumCollectionExt.swift */; };
		35EE301A2061188A0041F195 /* CategoryCell.swift in Sources */ = {isa = PBXBuildFile; fileRef = 35EE30192061188A0041F195 /* CategoryCell.swift */; };
		35EE301C206118AC0041F195 /* AccountCell.swift in Sources */ = {isa = PBXBuildFile; fileRef = 35EE301B206118AC0041F195 /* AccountCell.swift */; };
		35EE301E206118BA0041F195 /* BaseCell.swift in Sources */ = {isa = PBXBuildFile; fileRef = 35EE301D206118BA0041F195 /* BaseCell.swift */; };
		35F012132063B9D7008EE633 /* InstallationManager.swift in Sources */ = {isa = PBXBuildFile; fileRef = 35F012122063B9D7008EE633 /* InstallationManager.swift */; };
		35F4E67A24C2F06000B21151 /* OperationCoordinator.swift in Sources */ = {isa = PBXBuildFile; fileRef = 35F4E67924C2F06000B21151 /* OperationCoordinator.swift */; };
		35F4E67C24C2FBFD00B21151 /* TransactionsDataSource.swift in Sources */ = {isa = PBXBuildFile; fileRef = 35F4E67B24C2FBFD00B21151 /* TransactionsDataSource.swift */; };
		35FC07B1209AE1A800A9D210 /* InfoPlist.strings in Resources */ = {isa = PBXBuildFile; fileRef = 35FC07B3209AE1A800A9D210 /* InfoPlist.strings */; };
		615AA698DB21FF966812962E /* Pods_My_budget.framework in Frameworks */ = {isa = PBXBuildFile; fileRef = 69DEC8F5A04C9758775ECEB6 /* Pods_My_budget.framework */; };
/* End PBXBuildFile section */

/* Begin PBXFileReference section */
		3513738B24C82360001E7697 /* AccountsController.swift */ = {isa = PBXFileReference; lastKnownFileType = sourcecode.swift; path = AccountsController.swift; sourceTree = "<group>"; };
		3513738D24C82702001E7697 /* AccountsViewController.swift */ = {isa = PBXFileReference; lastKnownFileType = sourcecode.swift; path = AccountsViewController.swift; sourceTree = "<group>"; };
		3513738F24C82723001E7697 /* AccountsDataSource.swift */ = {isa = PBXFileReference; lastKnownFileType = sourcecode.swift; path = AccountsDataSource.swift; sourceTree = "<group>"; };
		351410ED2084773C002F0D9E /* CreateAccountVC.swift */ = {isa = PBXFileReference; lastKnownFileType = sourcecode.swift; path = CreateAccountVC.swift; sourceTree = "<group>"; };
		351410EF2084890F002F0D9E /* UserSettings.swift */ = {isa = PBXFileReference; lastKnownFileType = sourcecode.swift; path = UserSettings.swift; sourceTree = "<group>"; };
		351410F120850698002F0D9E /* DefaultsVC.swift */ = {isa = PBXFileReference; lastKnownFileType = sourcecode.swift; path = DefaultsVC.swift; sourceTree = "<group>"; };
		3515E0F92073655900ED0363 /* NotificationNameExt.swift */ = {isa = PBXFileReference; lastKnownFileType = sourcecode.swift; path = NotificationNameExt.swift; sourceTree = "<group>"; };
		351E3E89205BDB95004A3414 /* TransactionsVC.swift */ = {isa = PBXFileReference; lastKnownFileType = sourcecode.swift; path = TransactionsVC.swift; sourceTree = "<group>"; };
		351E3E8B205BDBB4004A3414 /* SettingsVC.swift */ = {isa = PBXFileReference; lastKnownFileType = sourcecode.swift; path = SettingsVC.swift; sourceTree = "<group>"; };
		351E3E8D205BDC22004A3414 /* BaseTabBarController.swift */ = {isa = PBXFileReference; lastKnownFileType = sourcecode.swift; path = BaseTabBarController.swift; sourceTree = "<group>"; };
		351E3E95205BED6D004A3414 /* CAGradientLayerExt.swift */ = {isa = PBXFileReference; lastKnownFileType = sourcecode.swift; path = CAGradientLayerExt.swift; sourceTree = "<group>"; };
		351EEFD224C1B12A00EE5254 /* AccountDTO.swift */ = {isa = PBXFileReference; lastKnownFileType = sourcecode.swift; path = AccountDTO.swift; sourceTree = "<group>"; };
		351EEFD424C1B27100EE5254 /* CategoryDTO.swift */ = {isa = PBXFileReference; lastKnownFileType = sourcecode.swift; path = CategoryDTO.swift; sourceTree = "<group>"; };
		351EEFD624C1B2EA00EE5254 /* TransactionDTO.swift */ = {isa = PBXFileReference; lastKnownFileType = sourcecode.swift; path = TransactionDTO.swift; sourceTree = "<group>"; };
		351EEFD924C1B68D00EE5254 /* Repository.swift */ = {isa = PBXFileReference; lastKnownFileType = sourcecode.swift; path = Repository.swift; sourceTree = "<group>"; };
		351EEFE124C2376700EE5254 /* TransactionsController.swift */ = {isa = PBXFileReference; lastKnownFileType = sourcecode.swift; path = TransactionsController.swift; sourceTree = "<group>"; };
		351EEFE324C2402600EE5254 /* TransactionCellConfigurator.swift */ = {isa = PBXFileReference; lastKnownFileType = sourcecode.swift; path = TransactionCellConfigurator.swift; sourceTree = "<group>"; };
		3522AFE42091C2A900D17AAF /* Report.swift */ = {isa = PBXFileReference; lastKnownFileType = sourcecode.swift; path = Report.swift; sourceTree = "<group>"; };
		3522AFE62091C3EC00D17AAF /* DatePeriod.swift */ = {isa = PBXFileReference; lastKnownFileType = sourcecode.swift; path = DatePeriod.swift; sourceTree = "<group>"; };
		3522AFE82091C49300D17AAF /* ReportManager.swift */ = {isa = PBXFileReference; lastKnownFileType = sourcecode.swift; path = ReportManager.swift; sourceTree = "<group>"; };
		3522AFEC2091C60200D17AAF /* ExpensesReport.swift */ = {isa = PBXFileReference; lastKnownFileType = sourcecode.swift; path = ExpensesReport.swift; sourceTree = "<group>"; };
		3522AFEE2091E1BD00D17AAF /* ReportCell.swift */ = {isa = PBXFileReference; lastKnownFileType = sourcecode.swift; path = ReportCell.swift; sourceTree = "<group>"; };
		3522AFF02091E4DB00D17AAF /* ExpensesReportVC.swift */ = {isa = PBXFileReference; lastKnownFileType = sourcecode.swift; path = ExpensesReportVC.swift; sourceTree = "<group>"; };
		3522AFF22091E5B800D17AAF /* BaseReportVC.swift */ = {isa = PBXFileReference; lastKnownFileType = sourcecode.swift; path = BaseReportVC.swift; sourceTree = "<group>"; };
		3522AFF42092192300D17AAF /* TransactionExt.swift */ = {isa = PBXFileReference; lastKnownFileType = sourcecode.swift; path = TransactionExt.swift; sourceTree = "<group>"; };
		3522AFF72092331D00D17AAF /* PercentageValueFormatter.swift */ = {isa = PBXFileReference; lastKnownFileType = sourcecode.swift; path = PercentageValueFormatter.swift; sourceTree = "<group>"; };
		3522AFF9209235D000D17AAF /* CurrencyValueFormatter.swift */ = {isa = PBXFileReference; lastKnownFileType = sourcecode.swift; path = CurrencyValueFormatter.swift; sourceTree = "<group>"; };
		3522AFFB2092F78D00D17AAF /* BalanceReport.swift */ = {isa = PBXFileReference; lastKnownFileType = sourcecode.swift; path = BalanceReport.swift; sourceTree = "<group>"; };
		3522AFFD2092F7D200D17AAF /* BaseReport.swift */ = {isa = PBXFileReference; lastKnownFileType = sourcecode.swift; path = BaseReport.swift; sourceTree = "<group>"; };
		3522B0022092FBE300D17AAF /* BalanceReportVC.swift */ = {isa = PBXFileReference; lastKnownFileType = sourcecode.swift; path = BalanceReportVC.swift; sourceTree = "<group>"; };
		3522B0042093849300D17AAF /* AccountBalanceCell.swift */ = {isa = PBXFileReference; lastKnownFileType = sourcecode.swift; path = AccountBalanceCell.swift; sourceTree = "<group>"; };
		3522B0062093990300D17AAF /* AccountBalanceVM.swift */ = {isa = PBXFileReference; lastKnownFileType = sourcecode.swift; path = AccountBalanceVM.swift; sourceTree = "<group>"; };
		3522E11D208E45A10096E57C /* DataManagerFactory.swift */ = {isa = PBXFileReference; lastKnownFileType = sourcecode.swift; path = DataManagerFactory.swift; sourceTree = "<group>"; };
		3522E11F208FCA480096E57C /* UpdatedTransactionVM.swift */ = {isa = PBXFileReference; lastKnownFileType = sourcecode.swift; path = UpdatedTransactionVM.swift; sourceTree = "<group>"; };
		3531C594207E76080055D0B4 /* CategoryVM.swift */ = {isa = PBXFileReference; lastKnownFileType = sourcecode.swift; path = CategoryVM.swift; sourceTree = "<group>"; };
		3531C596207E7A500055D0B4 /* AccountVM.swift */ = {isa = PBXFileReference; lastKnownFileType = sourcecode.swift; path = AccountVM.swift; sourceTree = "<group>"; };
		3531C598207E7C4B0055D0B4 /* BaseViewModel.swift */ = {isa = PBXFileReference; lastKnownFileType = sourcecode.swift; path = BaseViewModel.swift; sourceTree = "<group>"; };
		3531C59A207E81BA0055D0B4 /* TransactionVM.swift */ = {isa = PBXFileReference; lastKnownFileType = sourcecode.swift; path = TransactionVM.swift; sourceTree = "<group>"; };
		3531C59C207F2D730055D0B4 /* ViewModelFactory.swift */ = {isa = PBXFileReference; lastKnownFileType = sourcecode.swift; path = ViewModelFactory.swift; sourceTree = "<group>"; };
		3531C5A0208091AB0055D0B4 /* QRScannerVC.swift */ = {isa = PBXFileReference; lastKnownFileType = sourcecode.swift; path = QRScannerVC.swift; sourceTree = "<group>"; };
		3531C5A22081105C0055D0B4 /* QRCodeParser.swift */ = {isa = PBXFileReference; lastKnownFileType = sourcecode.swift; path = QRCodeParser.swift; sourceTree = "<group>"; };
		353B47C2205690B3008281B0 /* My budget.app */ = {isa = PBXFileReference; explicitFileType = wrapper.application; includeInIndex = 0; path = "My budget.app"; sourceTree = BUILT_PRODUCTS_DIR; };
		353B47C5205690B3008281B0 /* AppDelegate.swift */ = {isa = PBXFileReference; lastKnownFileType = sourcecode.swift; path = AppDelegate.swift; sourceTree = "<group>"; };
		353B47C7205690B3008281B0 /* ReportsVC.swift */ = {isa = PBXFileReference; lastKnownFileType = sourcecode.swift; path = ReportsVC.swift; sourceTree = "<group>"; };
		353B47CA205690B3008281B0 /* Base */ = {isa = PBXFileReference; lastKnownFileType = file.storyboard; name = Base; path = Base.lproj/Main.storyboard; sourceTree = "<group>"; };
		353B47CF205690B3008281B0 /* Base */ = {isa = PBXFileReference; lastKnownFileType = file.storyboard; name = Base; path = Base.lproj/LaunchScreen.storyboard; sourceTree = "<group>"; };
		355BB03624C04CB40080BE13 /* Coordinator.swift */ = {isa = PBXFileReference; lastKnownFileType = sourcecode.swift; path = Coordinator.swift; sourceTree = "<group>"; };
		355BB03824C04CCD0080BE13 /* AppCoordinator.swift */ = {isa = PBXFileReference; lastKnownFileType = sourcecode.swift; path = AppCoordinator.swift; sourceTree = "<group>"; };
		355BB03A24C04E950080BE13 /* TransactionsCoordinator.swift */ = {isa = PBXFileReference; lastKnownFileType = sourcecode.swift; path = TransactionsCoordinator.swift; sourceTree = "<group>"; };
		355BB03C24C04FA20080BE13 /* ReportsCoordinator.swift */ = {isa = PBXFileReference; lastKnownFileType = sourcecode.swift; path = ReportsCoordinator.swift; sourceTree = "<group>"; };
		355BB03E24C04FE50080BE13 /* SettingsCoordinator.swift */ = {isa = PBXFileReference; lastKnownFileType = sourcecode.swift; path = SettingsCoordinator.swift; sourceTree = "<group>"; };
		3563FF02205FD28C00B05E82 /* AccountsVC.swift */ = {isa = PBXFileReference; lastKnownFileType = sourcecode.swift; path = AccountsVC.swift; sourceTree = "<group>"; };
		3563FF04205FD77900B05E82 /* BaseTableVC.swift */ = {isa = PBXFileReference; lastKnownFileType = sourcecode.swift; path = BaseTableVC.swift; sourceTree = "<group>"; };
		35655C8E209493D4009FA85B /* CreateAccountVM.swift */ = {isa = PBXFileReference; lastKnownFileType = sourcecode.swift; path = CreateAccountVM.swift; sourceTree = "<group>"; };
		35655C912094CBBF009FA85B /* en */ = {isa = PBXFileReference; lastKnownFileType = text.plist.strings; name = en; path = en.lproj/Main.strings; sourceTree = "<group>"; };
		35655C932094CC5B009FA85B /* en */ = {isa = PBXFileReference; lastKnownFileType = text.plist.strings; name = en; path = Storyboards/en.lproj/Localizable.strings; sourceTree = "<group>"; };
		35655C952094CCC4009FA85B /* ru */ = {isa = PBXFileReference; lastKnownFileType = text.plist.strings; name = ru; path = ru.lproj/Main.strings; sourceTree = "<group>"; };
		35655C962094CCC5009FA85B /* ru */ = {isa = PBXFileReference; lastKnownFileType = text.plist.strings; name = ru; path = ru.lproj/LaunchScreen.strings; sourceTree = "<group>"; };
		35655C972094CCC5009FA85B /* ru */ = {isa = PBXFileReference; lastKnownFileType = text.plist.strings; name = ru; path = Storyboards/ru.lproj/Localizable.strings; sourceTree = "<group>"; };
		3566A7902087413A0099BE67 /* DataModel.xcdatamodel */ = {isa = PBXFileReference; lastKnownFileType = wrapper.xcdatamodel; path = DataModel.xcdatamodel; sourceTree = "<group>"; };
		3566A7A8208A73B80099BE67 /* BaseDataManager.swift */ = {isa = PBXFileReference; lastKnownFileType = sourcecode.swift; path = BaseDataManager.swift; sourceTree = "<group>"; };
		3566A7AC208A79DD0099BE67 /* DataManager.swift */ = {isa = PBXFileReference; lastKnownFileType = sourcecode.swift; path = DataManager.swift; sourceTree = "<group>"; };
		3566A7AE208A89930099BE67 /* IncomeCategoryManager.swift */ = {isa = PBXFileReference; lastKnownFileType = sourcecode.swift; path = IncomeCategoryManager.swift; sourceTree = "<group>"; };
		3566A7B0208A8ADD0099BE67 /* ExpenseCategoryManager.swift */ = {isa = PBXFileReference; lastKnownFileType = sourcecode.swift; path = ExpenseCategoryManager.swift; sourceTree = "<group>"; };
		3566A7B2208B000F0099BE67 /* CategoryType.swift */ = {isa = PBXFileReference; lastKnownFileType = sourcecode.swift; path = CategoryType.swift; sourceTree = "<group>"; };
		3566A7B4208B00680099BE67 /* AccountType.swift */ = {isa = PBXFileReference; lastKnownFileType = sourcecode.swift; path = AccountType.swift; sourceTree = "<group>"; };
		3567747B205FA8EC00743FCA /* Constants.swift */ = {isa = PBXFileReference; lastKnownFileType = sourcecode.swift; path = Constants.swift; sourceTree = "<group>"; };
		3567747E205FA9D200743FCA /* SettingsCell.swift */ = {isa = PBXFileReference; lastKnownFileType = sourcecode.swift; path = SettingsCell.swift; sourceTree = "<group>"; };
		356B12D9208DEE35007AF145 /* CreateTransactionVC.swift */ = {isa = PBXFileReference; lastKnownFileType = sourcecode.swift; path = CreateTransactionVC.swift; sourceTree = "<group>"; };
		356B12DD208DF6C7007AF145 /* BaseTransactionVC.swift */ = {isa = PBXFileReference; lastKnownFileType = sourcecode.swift; path = BaseTransactionVC.swift; sourceTree = "<group>"; };
		356B12DF208E0DE6007AF145 /* Operation.swift */ = {isa = PBXFileReference; lastKnownFileType = sourcecode.swift; path = Operation.swift; sourceTree = "<group>"; };
		356E06D7206666D7004034AE /* UIViewExt.swift */ = {isa = PBXFileReference; lastKnownFileType = sourcecode.swift; path = UIViewExt.swift; sourceTree = "<group>"; };
		356E06E320683C7A004034AE /* SettingsMenu.swift */ = {isa = PBXFileReference; lastKnownFileType = sourcecode.swift; path = SettingsMenu.swift; sourceTree = "<group>"; };
		356E06EF20693E25004034AE /* Assets.xcassets */ = {isa = PBXFileReference; lastKnownFileType = folder.assetcatalog; path = Assets.xcassets; sourceTree = "<group>"; };
		356E06F1206A5699004034AE /* TransactionCellOld.swift */ = {isa = PBXFileReference; lastKnownFileType = sourcecode.swift; path = TransactionCellOld.swift; sourceTree = "<group>"; };
		356E06F3206A6C9C004034AE /* TransactionDetailVC.swift */ = {isa = PBXFileReference; lastKnownFileType = sourcecode.swift; path = TransactionDetailVC.swift; sourceTree = "<group>"; };
		356E06F5206A755E004034AE /* GradientView.swift */ = {isa = PBXFileReference; lastKnownFileType = sourcecode.swift; path = GradientView.swift; sourceTree = "<group>"; };
		356E06F7206A802C004034AE /* GradientTableView.swift */ = {isa = PBXFileReference; lastKnownFileType = sourcecode.swift; path = GradientTableView.swift; sourceTree = "<group>"; };
		356E06F9206D59E1004034AE /* DesignableViews.swift */ = {isa = PBXFileReference; lastKnownFileType = sourcecode.swift; path = DesignableViews.swift; sourceTree = "<group>"; };
		357E0D27206E858B00205970 /* UITextFieldExt.swift */ = {isa = PBXFileReference; lastKnownFileType = sourcecode.swift; path = UITextFieldExt.swift; sourceTree = "<group>"; };
		357E0D29206E97F100205970 /* BaseVC.swift */ = {isa = PBXFileReference; lastKnownFileType = sourcecode.swift; path = BaseVC.swift; sourceTree = "<group>"; };
		357E0D2B206E9F2B00205970 /* Helper.swift */ = {isa = PBXFileReference; lastKnownFileType = sourcecode.swift; path = Helper.swift; sourceTree = "<group>"; };
		3595DA6D209D777C008DFFA7 /* StringExt.swift */ = {isa = PBXFileReference; lastKnownFileType = sourcecode.swift; path = StringExt.swift; sourceTree = "<group>"; };
		3598142D24C05B8F00788E84 /* AccountObject.swift */ = {isa = PBXFileReference; lastKnownFileType = sourcecode.swift; path = AccountObject.swift; sourceTree = "<group>"; };
		3598142F24C05E4600788E84 /* CategoryObject.swift */ = {isa = PBXFileReference; lastKnownFileType = sourcecode.swift; path = CategoryObject.swift; sourceTree = "<group>"; };
		3598143124C05E5E00788E84 /* TransactionObject.swift */ = {isa = PBXFileReference; lastKnownFileType = sourcecode.swift; path = TransactionObject.swift; sourceTree = "<group>"; };
		3598143424C0691700788E84 /* RealmMigration.swift */ = {isa = PBXFileReference; lastKnownFileType = sourcecode.swift; path = RealmMigration.swift; sourceTree = "<group>"; };
		3598143824C0BAD700788E84 /* LoadingViewController.swift */ = {isa = PBXFileReference; lastKnownFileType = sourcecode.swift; path = LoadingViewController.swift; sourceTree = "<group>"; };
		3598144624C0C45900788E84 /* loading4.json */ = {isa = PBXFileReference; fileEncoding = 4; lastKnownFileType = text.json; path = loading4.json; sourceTree = "<group>"; };
		3598144B24C0C7BF00788E84 /* UIColor+Ext.swift */ = {isa = PBXFileReference; lastKnownFileType = sourcecode.swift; path = "UIColor+Ext.swift"; sourceTree = "<group>"; };
		3598144D24C0C7F300788E84 /* AppStyle.swift */ = {isa = PBXFileReference; lastKnownFileType = sourcecode.swift; path = AppStyle.swift; sourceTree = "<group>"; };
		3598144F24C0D1BA00788E84 /* LoadingPresenter.swift */ = {isa = PBXFileReference; lastKnownFileType = sourcecode.swift; path = LoadingPresenter.swift; sourceTree = "<group>"; };
		3598145524C0E76000788E84 /* ReportsViewController.swift */ = {isa = PBXFileReference; lastKnownFileType = sourcecode.swift; path = ReportsViewController.swift; sourceTree = "<group>"; };
		3598145724C0E77100788E84 /* TransactionsViewController.swift */ = {isa = PBXFileReference; lastKnownFileType = sourcecode.swift; path = TransactionsViewController.swift; sourceTree = "<group>"; };
		3598145924C0E77C00788E84 /* SettingsViewController.swift */ = {isa = PBXFileReference; lastKnownFileType = sourcecode.swift; path = SettingsViewController.swift; sourceTree = "<group>"; };
		3598145B24C18BEC00788E84 /* TransactionCell.swift */ = {isa = PBXFileReference; lastKnownFileType = sourcecode.swift; path = TransactionCell.swift; sourceTree = "<group>"; };
		35EE3011206108FE0041F195 /* CategoriesVC.swift */ = {isa = PBXFileReference; lastKnownFileType = sourcecode.swift; path = CategoriesVC.swift; sourceTree = "<group>"; };
		35EE3015206111230041F195 /* EnumCollectionExt.swift */ = {isa = PBXFileReference; lastKnownFileType = sourcecode.swift; path = EnumCollectionExt.swift; sourceTree = "<group>"; };
		35EE30192061188A0041F195 /* CategoryCell.swift */ = {isa = PBXFileReference; lastKnownFileType = sourcecode.swift; path = CategoryCell.swift; sourceTree = "<group>"; };
		35EE301B206118AC0041F195 /* AccountCell.swift */ = {isa = PBXFileReference; lastKnownFileType = sourcecode.swift; path = AccountCell.swift; sourceTree = "<group>"; };
		35EE301D206118BA0041F195 /* BaseCell.swift */ = {isa = PBXFileReference; lastKnownFileType = sourcecode.swift; path = BaseCell.swift; sourceTree = "<group>"; };
		35F012122063B9D7008EE633 /* InstallationManager.swift */ = {isa = PBXFileReference; lastKnownFileType = sourcecode.swift; path = InstallationManager.swift; sourceTree = "<group>"; };
		35F4E67924C2F06000B21151 /* OperationCoordinator.swift */ = {isa = PBXFileReference; lastKnownFileType = sourcecode.swift; path = OperationCoordinator.swift; sourceTree = "<group>"; };
		35F4E67B24C2FBFD00B21151 /* TransactionsDataSource.swift */ = {isa = PBXFileReference; lastKnownFileType = sourcecode.swift; path = TransactionsDataSource.swift; sourceTree = "<group>"; };
		35FC07A9209AD60B00A9D210 /* Info.plist */ = {isa = PBXFileReference; fileEncoding = 4; lastKnownFileType = text.plist.xml; path = Info.plist; sourceTree = "<group>"; };
		35FC07B2209AE1A800A9D210 /* ru */ = {isa = PBXFileReference; lastKnownFileType = text.plist.strings; name = ru; path = ru.lproj/InfoPlist.strings; sourceTree = "<group>"; };
		35FC07B4209AE1AD00A9D210 /* en */ = {isa = PBXFileReference; lastKnownFileType = text.plist.strings; name = en; path = en.lproj/InfoPlist.strings; sourceTree = "<group>"; };
		4888D73EADFA49F664FD0830 /* Pods-My budget.debug.xcconfig */ = {isa = PBXFileReference; includeInIndex = 1; lastKnownFileType = text.xcconfig; name = "Pods-My budget.debug.xcconfig"; path = "Pods/Target Support Files/Pods-My budget/Pods-My budget.debug.xcconfig"; sourceTree = "<group>"; };
		69DEC8F5A04C9758775ECEB6 /* Pods_My_budget.framework */ = {isa = PBXFileReference; explicitFileType = wrapper.framework; includeInIndex = 0; path = Pods_My_budget.framework; sourceTree = BUILT_PRODUCTS_DIR; };
		EE55D91628C8CD8C214428C4 /* Pods-My budget.release.xcconfig */ = {isa = PBXFileReference; includeInIndex = 1; lastKnownFileType = text.xcconfig; name = "Pods-My budget.release.xcconfig"; path = "Pods/Target Support Files/Pods-My budget/Pods-My budget.release.xcconfig"; sourceTree = "<group>"; };
/* End PBXFileReference section */

/* Begin PBXFrameworksBuildPhase section */
		353B47BF205690B3008281B0 /* Frameworks */ = {
			isa = PBXFrameworksBuildPhase;
			buildActionMask = 2147483647;
			files = (
				355BB03324C04C800080BE13 /* RealmSwift in Frameworks */,
				355BB03124C04C800080BE13 /* Realm in Frameworks */,
				615AA698DB21FF966812962E /* Pods_My_budget.framework in Frameworks */,
				3598143C24C0BC6D00788E84 /* Lottie in Frameworks */,
			);
			runOnlyForDeploymentPostprocessing = 0;
		};
/* End PBXFrameworksBuildPhase section */

/* Begin PBXGroup section */
		3509178C2074C2CF0000045C /* Base */ = {
			isa = PBXGroup;
			children = (
				357E0D29206E97F100205970 /* BaseVC.swift */,
				351E3E8D205BDC22004A3414 /* BaseTabBarController.swift */,
				3563FF04205FD77900B05E82 /* BaseTableVC.swift */,
			);
			path = Base;
			sourceTree = "<group>";
		};
		3509178D2074C4A10000045C /* Transactions */ = {
			isa = PBXGroup;
			children = (
				356B12DD208DF6C7007AF145 /* BaseTransactionVC.swift */,
				351E3E89205BDB95004A3414 /* TransactionsVC.swift */,
				356E06F3206A6C9C004034AE /* TransactionDetailVC.swift */,
				356B12D9208DEE35007AF145 /* CreateTransactionVC.swift */,
				3531C5A0208091AB0055D0B4 /* QRScannerVC.swift */,
			);
			path = Transactions;
			sourceTree = "<group>";
		};
		3509178E2074C4C10000045C /* Reports */ = {
			isa = PBXGroup;
			children = (
				3522AFF6209232DC00D17AAF /* Formatters */,
				353B47C7205690B3008281B0 /* ReportsVC.swift */,
				3522AFF22091E5B800D17AAF /* BaseReportVC.swift */,
				3522AFF02091E4DB00D17AAF /* ExpensesReportVC.swift */,
				3522B0022092FBE300D17AAF /* BalanceReportVC.swift */,
			);
			path = Reports;
			sourceTree = "<group>";
		};
		3509178F2074C4CA0000045C /* Settings */ = {
			isa = PBXGroup;
			children = (
				351E3E8B205BDBB4004A3414 /* SettingsVC.swift */,
				351410F120850698002F0D9E /* DefaultsVC.swift */,
			);
			path = Settings;
			sourceTree = "<group>";
		};
		350917902074C5380000045C /* Accounts */ = {
			isa = PBXGroup;
			children = (
				3563FF02205FD28C00B05E82 /* AccountsVC.swift */,
				351410ED2084773C002F0D9E /* CreateAccountVC.swift */,
			);
			path = Accounts;
			sourceTree = "<group>";
		};
		350917912074C5400000045C /* Categories */ = {
			isa = PBXGroup;
			children = (
				35EE3011206108FE0041F195 /* CategoriesVC.swift */,
			);
			path = Categories;
			sourceTree = "<group>";
		};
		350917922074C58E0000045C /* CustomViews */ = {
			isa = PBXGroup;
			children = (
				356E06F5206A755E004034AE /* GradientView.swift */,
				356E06F7206A802C004034AE /* GradientTableView.swift */,
				356E06F9206D59E1004034AE /* DesignableViews.swift */,
			);
			path = CustomViews;
			sourceTree = "<group>";
		};
		3513738A24C82338001E7697 /* Accounts */ = {
			isa = PBXGroup;
			children = (
				3513738B24C82360001E7697 /* AccountsController.swift */,
				3513738D24C82702001E7697 /* AccountsViewController.swift */,
				3513738F24C82723001E7697 /* AccountsDataSource.swift */,
			);
			path = Accounts;
			sourceTree = "<group>";
		};
		351EEFD124C1B11200EE5254 /* DTOs */ = {
			isa = PBXGroup;
			children = (
				351EEFD224C1B12A00EE5254 /* AccountDTO.swift */,
				351EEFD424C1B27100EE5254 /* CategoryDTO.swift */,
				351EEFD624C1B2EA00EE5254 /* TransactionDTO.swift */,
			);
			path = DTOs;
			sourceTree = "<group>";
		};
		351EEFE524C252DD00EE5254 /* Views */ = {
			isa = PBXGroup;
			children = (
				351EEFE324C2402600EE5254 /* TransactionCellConfigurator.swift */,
				3598145B24C18BEC00788E84 /* TransactionCell.swift */,
			);
			path = Views;
			sourceTree = "<group>";
		};
		351EEFE624C252E500EE5254 /* ViewControllers */ = {
			isa = PBXGroup;
			children = (
				3598145724C0E77100788E84 /* TransactionsViewController.swift */,
				35F4E67B24C2FBFD00B21151 /* TransactionsDataSource.swift */,
			);
			path = ViewControllers;
			sourceTree = "<group>";
		};
		351EEFE724C252FC00EE5254 /* Coordinators */ = {
			isa = PBXGroup;
			children = (
				355BB03A24C04E950080BE13 /* TransactionsCoordinator.swift */,
			);
			path = Coordinators;
			sourceTree = "<group>";
		};
		351EEFE824C2531900EE5254 /* Models */ = {
			isa = PBXGroup;
			children = (
				351EEFE124C2376700EE5254 /* TransactionsController.swift */,
			);
			path = Models;
			sourceTree = "<group>";
		};
		3522AFE32091C29100D17AAF /* Report Model */ = {
			isa = PBXGroup;
			children = (
				3522AFFF2092F85000D17AAF /* Abstract */,
				3522B0002092F87A00D17AAF /* Concrete */,
				3522B0012092F8A700D17AAF /* Supported */,
			);
			path = "Report Model";
			sourceTree = "<group>";
		};
		3522AFF6209232DC00D17AAF /* Formatters */ = {
			isa = PBXGroup;
			children = (
				3522AFF72092331D00D17AAF /* PercentageValueFormatter.swift */,
				3522AFF9209235D000D17AAF /* CurrencyValueFormatter.swift */,
			);
			path = Formatters;
			sourceTree = "<group>";
		};
		3522AFFF2092F85000D17AAF /* Abstract */ = {
			isa = PBXGroup;
			children = (
				3522AFE42091C2A900D17AAF /* Report.swift */,
				3522AFFD2092F7D200D17AAF /* BaseReport.swift */,
			);
			path = Abstract;
			sourceTree = "<group>";
		};
		3522B0002092F87A00D17AAF /* Concrete */ = {
			isa = PBXGroup;
			children = (
				3522AFEC2091C60200D17AAF /* ExpensesReport.swift */,
				3522AFFB2092F78D00D17AAF /* BalanceReport.swift */,
			);
			path = Concrete;
			sourceTree = "<group>";
		};
		3522B0012092F8A700D17AAF /* Supported */ = {
			isa = PBXGroup;
			children = (
				3522AFE82091C49300D17AAF /* ReportManager.swift */,
				3522AFE62091C3EC00D17AAF /* DatePeriod.swift */,
			);
			path = Supported;
			sourceTree = "<group>";
		};
		353104DD208731EF00C8DE95 /* Data Model */ = {
			isa = PBXGroup;
			children = (
				3566A78F2087413A0099BE67 /* DataModel.xcdatamodeld */,
				3566A7B2208B000F0099BE67 /* CategoryType.swift */,
				3566A7B4208B00680099BE67 /* AccountType.swift */,
				356B12DF208E0DE6007AF145 /* Operation.swift */,
				3522AFF42092192300D17AAF /* TransactionExt.swift */,
			);
			path = "Data Model";
			sourceTree = "<group>";
		};
		3531C593207E75CA0055D0B4 /* ViewModels */ = {
			isa = PBXGroup;
			children = (
				3531C59C207F2D730055D0B4 /* ViewModelFactory.swift */,
				356E06E320683C7A004034AE /* SettingsMenu.swift */,
				3531C598207E7C4B0055D0B4 /* BaseViewModel.swift */,
				3531C594207E76080055D0B4 /* CategoryVM.swift */,
				3531C596207E7A500055D0B4 /* AccountVM.swift */,
				3531C59A207E81BA0055D0B4 /* TransactionVM.swift */,
				3522E11F208FCA480096E57C /* UpdatedTransactionVM.swift */,
				3522B0062093990300D17AAF /* AccountBalanceVM.swift */,
				35655C8E209493D4009FA85B /* CreateAccountVM.swift */,
			);
			path = ViewModels;
			sourceTree = "<group>";
		};
		353B47B9205690B3008281B0 = {
			isa = PBXGroup;
			children = (
				353B47C4205690B3008281B0 /* My budget */,
				353B47C3205690B3008281B0 /* Products */,
				CA933667C665FAE3A1F9FFA2 /* Pods */,
				BBE7EB3DA86593D62296FA15 /* Frameworks */,
			);
			sourceTree = "<group>";
		};
		353B47C3205690B3008281B0 /* Products */ = {
			isa = PBXGroup;
			children = (
				353B47C2205690B3008281B0 /* My budget.app */,
			);
			name = Products;
			sourceTree = "<group>";
		};
		353B47C4205690B3008281B0 /* My budget */ = {
			isa = PBXGroup;
			children = (
				353B47C5205690B3008281B0 /* AppDelegate.swift */,
				3598144924C0C7A700788E84 /* Utils */,
				355BB03524C04C9E0080BE13 /* Coordinators */,
				351EEFD124C1B11200EE5254 /* DTOs */,
				355BB03424C04C8A0080BE13 /* Models */,
				3598143324C068F900788E84 /* DataBaseMigration */,
				3598143624C0BAAB00788E84 /* Scenes */,
				3598143D24C0BC7400788E84 /* Assets */,
				355BB02E24C04B380080BE13 /* Legacy */,
				353B47D9205930B6008281B0 /* Resources */,
			);
			path = "My budget";
			sourceTree = "<group>";
		};
		353B47D720593084008281B0 /* Source */ = {
			isa = PBXGroup;
			children = (
				3567747A205FA8C500743FCA /* Constants */,
				3522AFE32091C29100D17AAF /* Report Model */,
				3566A7A7208A73680099BE67 /* Data Managers */,
				353104DD208731EF00C8DE95 /* Data Model */,
				35F012112063B960008EE633 /* Services */,
				35EE3013206110DA0041F195 /* Utilities */,
				3531C593207E75CA0055D0B4 /* ViewModels */,
				353B47DC20593113008281B0 /* Views */,
				353B47DB20593106008281B0 /* Controllers */,
				353B47DA205930F8008281B0 /* Application */,
			);
			path = Source;
			sourceTree = "<group>";
		};
		353B47D8205930A6008281B0 /* Storyboards */ = {
			isa = PBXGroup;
			children = (
				353B47C9205690B3008281B0 /* Main.storyboard */,
				353B47CE205690B3008281B0 /* LaunchScreen.storyboard */,
			);
			path = Storyboards;
			sourceTree = "<group>";
		};
		353B47D9205930B6008281B0 /* Resources */ = {
			isa = PBXGroup;
			children = (
				35FC07A9209AD60B00A9D210 /* Info.plist */,
				353B47D8205930A6008281B0 /* Storyboards */,
				35655C922094CC5B009FA85B /* Localizable.strings */,
				35FC07B3209AE1A800A9D210 /* InfoPlist.strings */,
			);
			path = Resources;
			sourceTree = "<group>";
		};
		353B47DA205930F8008281B0 /* Application */ = {
			isa = PBXGroup;
			children = (
			);
			path = Application;
			sourceTree = "<group>";
		};
		353B47DB20593106008281B0 /* Controllers */ = {
			isa = PBXGroup;
			children = (
				3509178C2074C2CF0000045C /* Base */,
				350917902074C5380000045C /* Accounts */,
				350917912074C5400000045C /* Categories */,
				3509178E2074C4C10000045C /* Reports */,
				3509178F2074C4CA0000045C /* Settings */,
				3509178D2074C4A10000045C /* Transactions */,
			);
			path = Controllers;
			sourceTree = "<group>";
		};
		353B47DC20593113008281B0 /* Views */ = {
			isa = PBXGroup;
			children = (
				350917922074C58E0000045C /* CustomViews */,
				3567747D205FA9A500743FCA /* Cells */,
				356E06D9206666E3004034AE /* Extentions */,
			);
			path = Views;
			sourceTree = "<group>";
		};
		355BB02E24C04B380080BE13 /* Legacy */ = {
			isa = PBXGroup;
			children = (
				353B47D720593084008281B0 /* Source */,
			);
			path = Legacy;
			sourceTree = "<group>";
		};
		355BB03424C04C8A0080BE13 /* Models */ = {
			isa = PBXGroup;
			children = (
				351EEFD924C1B68D00EE5254 /* Repository.swift */,
				3598142D24C05B8F00788E84 /* AccountObject.swift */,
				3598142F24C05E4600788E84 /* CategoryObject.swift */,
				3598143124C05E5E00788E84 /* TransactionObject.swift */,
			);
			path = Models;
			sourceTree = "<group>";
		};
		355BB03524C04C9E0080BE13 /* Coordinators */ = {
			isa = PBXGroup;
			children = (
				355BB03624C04CB40080BE13 /* Coordinator.swift */,
				355BB03824C04CCD0080BE13 /* AppCoordinator.swift */,
				355BB03C24C04FA20080BE13 /* ReportsCoordinator.swift */,
			);
			path = Coordinators;
			sourceTree = "<group>";
		};
		3566A7A7208A73680099BE67 /* Data Managers */ = {
			isa = PBXGroup;
			children = (
				3566A7A8208A73B80099BE67 /* BaseDataManager.swift */,
				3566A7AC208A79DD0099BE67 /* DataManager.swift */,
				3566A7AE208A89930099BE67 /* IncomeCategoryManager.swift */,
				3566A7B0208A8ADD0099BE67 /* ExpenseCategoryManager.swift */,
				3522E11D208E45A10096E57C /* DataManagerFactory.swift */,
			);
			path = "Data Managers";
			sourceTree = "<group>";
		};
		3567747A205FA8C500743FCA /* Constants */ = {
			isa = PBXGroup;
			children = (
				3567747B205FA8EC00743FCA /* Constants.swift */,
			);
			path = Constants;
			sourceTree = "<group>";
		};
		3567747D205FA9A500743FCA /* Cells */ = {
			isa = PBXGroup;
			children = (
				35EE301D206118BA0041F195 /* BaseCell.swift */,
				3567747E205FA9D200743FCA /* SettingsCell.swift */,
				35EE30192061188A0041F195 /* CategoryCell.swift */,
				35EE301B206118AC0041F195 /* AccountCell.swift */,
				356E06F1206A5699004034AE /* TransactionCellOld.swift */,
				3522AFEE2091E1BD00D17AAF /* ReportCell.swift */,
				3522B0042093849300D17AAF /* AccountBalanceCell.swift */,
			);
			path = Cells;
			sourceTree = "<group>";
		};
		356E06D9206666E3004034AE /* Extentions */ = {
			isa = PBXGroup;
			children = (
				356E06D7206666D7004034AE /* UIViewExt.swift */,
				351E3E95205BED6D004A3414 /* CAGradientLayerExt.swift */,
				357E0D27206E858B00205970 /* UITextFieldExt.swift */,
			);
			path = Extentions;
			sourceTree = "<group>";
		};
		3598143324C068F900788E84 /* DataBaseMigration */ = {
			isa = PBXGroup;
			children = (
				3598143424C0691700788E84 /* RealmMigration.swift */,
			);
			path = DataBaseMigration;
			sourceTree = "<group>";
		};
		3598143624C0BAAB00788E84 /* Scenes */ = {
			isa = PBXGroup;
			children = (
				3513738A24C82338001E7697 /* Accounts */,
				35F4E67724C2F02700B21151 /* Operations */,
				3598143724C0BAC200788E84 /* Loading */,
				3598145224C0E72700788E84 /* Reports */,
				3598145324C0E73300788E84 /* Transactions */,
				3598145424C0E73B00788E84 /* Settings */,
			);
			path = Scenes;
			sourceTree = "<group>";
		};
		3598143724C0BAC200788E84 /* Loading */ = {
			isa = PBXGroup;
			children = (
				3598143824C0BAD700788E84 /* LoadingViewController.swift */,
				3598144F24C0D1BA00788E84 /* LoadingPresenter.swift */,
			);
			path = Loading;
			sourceTree = "<group>";
		};
		3598143D24C0BC7400788E84 /* Assets */ = {
			isa = PBXGroup;
			children = (
				3598145124C0DAB300788E84 /* animations */,
				356E06EF20693E25004034AE /* Assets.xcassets */,
			);
			path = Assets;
			sourceTree = "<group>";
		};
		3598144824C0C78500788E84 /* AppStyle */ = {
			isa = PBXGroup;
			children = (
				3598144D24C0C7F300788E84 /* AppStyle.swift */,
			);
			path = AppStyle;
			sourceTree = "<group>";
		};
		3598144924C0C7A700788E84 /* Utils */ = {
			isa = PBXGroup;
			children = (
				3598144824C0C78500788E84 /* AppStyle */,
				3598144A24C0C7B100788E84 /* Extensions */,
			);
			path = Utils;
			sourceTree = "<group>";
		};
		3598144A24C0C7B100788E84 /* Extensions */ = {
			isa = PBXGroup;
			children = (
				3598144B24C0C7BF00788E84 /* UIColor+Ext.swift */,
			);
			path = Extensions;
			sourceTree = "<group>";
		};
		3598145124C0DAB300788E84 /* animations */ = {
			isa = PBXGroup;
			children = (
				3598144624C0C45900788E84 /* loading4.json */,
			);
			path = animations;
			sourceTree = "<group>";
		};
		3598145224C0E72700788E84 /* Reports */ = {
			isa = PBXGroup;
			children = (
				3598145524C0E76000788E84 /* ReportsViewController.swift */,
			);
			path = Reports;
			sourceTree = "<group>";
		};
		3598145324C0E73300788E84 /* Transactions */ = {
			isa = PBXGroup;
			children = (
				351EEFE724C252FC00EE5254 /* Coordinators */,
				351EEFE824C2531900EE5254 /* Models */,
				351EEFE624C252E500EE5254 /* ViewControllers */,
				351EEFE524C252DD00EE5254 /* Views */,
			);
			path = Transactions;
			sourceTree = "<group>";
		};
		3598145424C0E73B00788E84 /* Settings */ = {
			isa = PBXGroup;
			children = (
				355BB03E24C04FE50080BE13 /* SettingsCoordinator.swift */,
				3598145924C0E77C00788E84 /* SettingsViewController.swift */,
			);
			path = Settings;
			sourceTree = "<group>";
		};
		35EE3013206110DA0041F195 /* Utilities */ = {
			isa = PBXGroup;
			children = (
				3531C5A22081105C0055D0B4 /* QRCodeParser.swift */,
				35EE3015206111230041F195 /* EnumCollectionExt.swift */,
				3515E0F92073655900ED0363 /* NotificationNameExt.swift */,
				357E0D2B206E9F2B00205970 /* Helper.swift */,
				3595DA6D209D777C008DFFA7 /* StringExt.swift */,
			);
			path = Utilities;
			sourceTree = "<group>";
		};
		35F012112063B960008EE633 /* Services */ = {
			isa = PBXGroup;
			children = (
				35F012122063B9D7008EE633 /* InstallationManager.swift */,
				351410EF2084890F002F0D9E /* UserSettings.swift */,
			);
			path = Services;
			sourceTree = "<group>";
		};
		35F4E67724C2F02700B21151 /* Operations */ = {
			isa = PBXGroup;
			children = (
				35F4E67924C2F06000B21151 /* OperationCoordinator.swift */,
				35F4E67824C2F03800B21151 /* Expense */,
			);
			path = Operations;
			sourceTree = "<group>";
		};
		35F4E67824C2F03800B21151 /* Expense */ = {
			isa = PBXGroup;
			children = (
			);
			path = Expense;
			sourceTree = "<group>";
		};
		BBE7EB3DA86593D62296FA15 /* Frameworks */ = {
			isa = PBXGroup;
			children = (
				69DEC8F5A04C9758775ECEB6 /* Pods_My_budget.framework */,
			);
			name = Frameworks;
			sourceTree = "<group>";
		};
		CA933667C665FAE3A1F9FFA2 /* Pods */ = {
			isa = PBXGroup;
			children = (
				4888D73EADFA49F664FD0830 /* Pods-My budget.debug.xcconfig */,
				EE55D91628C8CD8C214428C4 /* Pods-My budget.release.xcconfig */,
			);
			name = Pods;
			sourceTree = "<group>";
		};
/* End PBXGroup section */

/* Begin PBXNativeTarget section */
		353B47C1205690B3008281B0 /* My budget */ = {
			isa = PBXNativeTarget;
			buildConfigurationList = 353B47D4205690B3008281B0 /* Build configuration list for PBXNativeTarget "My budget" */;
			buildPhases = (
				B81FA6B33ADB550D7132DB4F /* [CP] Check Pods Manifest.lock */,
				353B47BE205690B3008281B0 /* Sources */,
				353B47BF205690B3008281B0 /* Frameworks */,
				353B47C0205690B3008281B0 /* Resources */,
				10151550EBA8810B03B16E3D /* [CP] Embed Pods Frameworks */,
			);
			buildRules = (
			);
			dependencies = (
			);
			name = "My budget";
			packageProductDependencies = (
				355BB03024C04C800080BE13 /* Realm */,
				355BB03224C04C800080BE13 /* RealmSwift */,
				3598143B24C0BC6D00788E84 /* Lottie */,
			);
			productName = "My budget";
			productReference = 353B47C2205690B3008281B0 /* My budget.app */;
			productType = "com.apple.product-type.application";
		};
/* End PBXNativeTarget section */

/* Begin PBXProject section */
		353B47BA205690B3008281B0 /* Project object */ = {
			isa = PBXProject;
			attributes = {
				LastSwiftUpdateCheck = 0920;
				LastUpgradeCheck = 0930;
				ORGANIZATIONNAME = "Николай Маторин";
				TargetAttributes = {
					353B47C1205690B3008281B0 = {
						CreatedOnToolsVersion = 9.2;
						LastSwiftMigration = 1160;
						ProvisioningStyle = Automatic;
					};
				};
			};
			buildConfigurationList = 353B47BD205690B3008281B0 /* Build configuration list for PBXProject "My budget" */;
			compatibilityVersion = "Xcode 8.0";
			developmentRegion = en;
			hasScannedForEncodings = 0;
			knownRegions = (
				en,
				Base,
				ru,
			);
			mainGroup = 353B47B9205690B3008281B0;
			packageReferences = (
				355BB02F24C04C800080BE13 /* XCRemoteSwiftPackageReference "realm-cocoa" */,
				3598143A24C0BC6D00788E84 /* XCRemoteSwiftPackageReference "lottie-ios" */,
			);
			productRefGroup = 353B47C3205690B3008281B0 /* Products */;
			projectDirPath = "";
			projectRoot = "";
			targets = (
				353B47C1205690B3008281B0 /* My budget */,
			);
		};
/* End PBXProject section */

/* Begin PBXResourcesBuildPhase section */
		353B47C0205690B3008281B0 /* Resources */ = {
			isa = PBXResourcesBuildPhase;
			buildActionMask = 2147483647;
			files = (
				35655C942094CC5B009FA85B /* Localizable.strings in Resources */,
				353B47D0205690B3008281B0 /* LaunchScreen.storyboard in Resources */,
				3598144724C0C45A00788E84 /* loading4.json in Resources */,
				353B47CB205690B3008281B0 /* Main.storyboard in Resources */,
				356E06F020693E26004034AE /* Assets.xcassets in Resources */,
				35FC07B1209AE1A800A9D210 /* InfoPlist.strings in Resources */,
			);
			runOnlyForDeploymentPostprocessing = 0;
		};
/* End PBXResourcesBuildPhase section */

/* Begin PBXShellScriptBuildPhase section */
		10151550EBA8810B03B16E3D /* [CP] Embed Pods Frameworks */ = {
			isa = PBXShellScriptBuildPhase;
			buildActionMask = 2147483647;
			files = (
			);
			inputPaths = (
				"${PODS_ROOT}/Target Support Files/Pods-My budget/Pods-My budget-frameworks.sh",
				"${BUILT_PRODUCTS_DIR}/Charts/Charts.framework",
				"${BUILT_PRODUCTS_DIR}/TableFlip/TableFlip.framework",
			);
			name = "[CP] Embed Pods Frameworks";
			outputPaths = (
				"${TARGET_BUILD_DIR}/${FRAMEWORKS_FOLDER_PATH}/Charts.framework",
				"${TARGET_BUILD_DIR}/${FRAMEWORKS_FOLDER_PATH}/TableFlip.framework",
			);
			runOnlyForDeploymentPostprocessing = 0;
			shellPath = /bin/sh;
			shellScript = "\"${PODS_ROOT}/Target Support Files/Pods-My budget/Pods-My budget-frameworks.sh\"\n";
			showEnvVarsInLog = 0;
		};
		B81FA6B33ADB550D7132DB4F /* [CP] Check Pods Manifest.lock */ = {
			isa = PBXShellScriptBuildPhase;
			buildActionMask = 2147483647;
			files = (
			);
			inputPaths = (
				"${PODS_PODFILE_DIR_PATH}/Podfile.lock",
				"${PODS_ROOT}/Manifest.lock",
			);
			name = "[CP] Check Pods Manifest.lock";
			outputPaths = (
				"$(DERIVED_FILE_DIR)/Pods-My budget-checkManifestLockResult.txt",
			);
			runOnlyForDeploymentPostprocessing = 0;
			shellPath = /bin/sh;
			shellScript = "diff \"${PODS_PODFILE_DIR_PATH}/Podfile.lock\" \"${PODS_ROOT}/Manifest.lock\" > /dev/null\nif [ $? != 0 ] ; then\n    # print error to STDERR\n    echo \"error: The sandbox is not in sync with the Podfile.lock. Run 'pod install' or update your CocoaPods installation.\" >&2\n    exit 1\nfi\n# This output is used by Xcode 'outputs' to avoid re-running this script phase.\necho \"SUCCESS\" > \"${SCRIPT_OUTPUT_FILE_0}\"\n";
			showEnvVarsInLog = 0;
		};
/* End PBXShellScriptBuildPhase section */

/* Begin PBXSourcesBuildPhase section */
		353B47BE205690B3008281B0 /* Sources */ = {
			isa = PBXSourcesBuildPhase;
			buildActionMask = 2147483647;
			files = (
				3566A7A9208A73B80099BE67 /* BaseDataManager.swift in Sources */,
				351E3E8E205BDC22004A3414 /* BaseTabBarController.swift in Sources */,
				351EEFDA24C1B68D00EE5254 /* Repository.swift in Sources */,
				3598145824C0E77100788E84 /* TransactionsViewController.swift in Sources */,
				3566A7AF208A89930099BE67 /* IncomeCategoryManager.swift in Sources */,
				3598144E24C0C7F300788E84 /* AppStyle.swift in Sources */,
				357E0D2A206E97F100205970 /* BaseVC.swift in Sources */,
				351E3E8A205BDB95004A3414 /* TransactionsVC.swift in Sources */,
				351EEFD524C1B27100EE5254 /* CategoryDTO.swift in Sources */,
				3598145A24C0E77C00788E84 /* SettingsViewController.swift in Sources */,
				35EE301A2061188A0041F195 /* CategoryCell.swift in Sources */,
				3566A7AD208A79DD0099BE67 /* DataManager.swift in Sources */,
				3522B0072093990300D17AAF /* AccountBalanceVM.swift in Sources */,
				3522AFF32091E5B800D17AAF /* BaseReportVC.swift in Sources */,
				35EE301E206118BA0041F195 /* BaseCell.swift in Sources */,
				3531C595207E76080055D0B4 /* CategoryVM.swift in Sources */,
				3513738E24C82702001E7697 /* AccountsViewController.swift in Sources */,
				3598143924C0BAD700788E84 /* LoadingViewController.swift in Sources */,
				357E0D28206E858B00205970 /* UITextFieldExt.swift in Sources */,
				356E06FA206D59E1004034AE /* DesignableViews.swift in Sources */,
				3513738C24C82360001E7697 /* AccountsController.swift in Sources */,
				351EEFD724C1B2EA00EE5254 /* TransactionDTO.swift in Sources */,
				356E06F4206A6C9C004034AE /* TransactionDetailVC.swift in Sources */,
				356E06D8206666D7004034AE /* UIViewExt.swift in Sources */,
				3531C5A1208091AB0055D0B4 /* QRScannerVC.swift in Sources */,
				356E06E420683C7A004034AE /* SettingsMenu.swift in Sources */,
				3531C59B207E81BA0055D0B4 /* TransactionVM.swift in Sources */,
				3522AFED2091C60200D17AAF /* ExpensesReport.swift in Sources */,
				3513739024C82723001E7697 /* AccountsDataSource.swift in Sources */,
				3522AFF12091E4DB00D17AAF /* ExpensesReportVC.swift in Sources */,
				3522E120208FCA480096E57C /* UpdatedTransactionVM.swift in Sources */,
				35EE3016206111230041F195 /* EnumCollectionExt.swift in Sources */,
				351410F220850698002F0D9E /* DefaultsVC.swift in Sources */,
				353B47C8205690B3008281B0 /* ReportsVC.swift in Sources */,
				3531C5A32081105C0055D0B4 /* QRCodeParser.swift in Sources */,
				3522AFE52091C2A900D17AAF /* Report.swift in Sources */,
				3522B0032092FBE300D17AAF /* BalanceReportVC.swift in Sources */,
				351410EE2084773C002F0D9E /* CreateAccountVC.swift in Sources */,
				356B12DA208DEE35007AF145 /* CreateTransactionVC.swift in Sources */,
				3563FF05205FD77900B05E82 /* BaseTableVC.swift in Sources */,
				35F4E67C24C2FBFD00B21151 /* TransactionsDataSource.swift in Sources */,
				3566A7912087413A0099BE67 /* DataModel.xcdatamodeld in Sources */,
				351EEFE224C2376700EE5254 /* TransactionsController.swift in Sources */,
				3522AFE92091C49300D17AAF /* ReportManager.swift in Sources */,
				35F4E67A24C2F06000B21151 /* OperationCoordinator.swift in Sources */,
				35655C8F209493D4009FA85B /* CreateAccountVM.swift in Sources */,
				3563FF03205FD28C00B05E82 /* AccountsVC.swift in Sources */,
				3595DA6E209D777C008DFFA7 /* StringExt.swift in Sources */,
				355BB03724C04CB40080BE13 /* Coordinator.swift in Sources */,
				355BB03924C04CCD0080BE13 /* AppCoordinator.swift in Sources */,
				3522AFEF2091E1BD00D17AAF /* ReportCell.swift in Sources */,
				3598145C24C18BEC00788E84 /* TransactionCell.swift in Sources */,
				351EEFD324C1B12A00EE5254 /* AccountDTO.swift in Sources */,
				3522AFF82092331D00D17AAF /* PercentageValueFormatter.swift in Sources */,
				3567747F205FA9D200743FCA /* SettingsCell.swift in Sources */,
				351E3E96205BED6D004A3414 /* CAGradientLayerExt.swift in Sources */,
				351410F02084890F002F0D9E /* UserSettings.swift in Sources */,
				356E06F8206A802C004034AE /* GradientTableView.swift in Sources */,
				3531C597207E7A500055D0B4 /* AccountVM.swift in Sources */,
				35EE3012206108FF0041F195 /* CategoriesVC.swift in Sources */,
				356E06F2206A5699004034AE /* TransactionCellOld.swift in Sources */,
				3522E11E208E45A10096E57C /* DataManagerFactory.swift in Sources */,
				3522B0052093849300D17AAF /* AccountBalanceCell.swift in Sources */,
				356B12DE208DF6C7007AF145 /* BaseTransactionVC.swift in Sources */,
				3515E0FA2073655900ED0363 /* NotificationNameExt.swift in Sources */,
				351EEFE424C2402600EE5254 /* TransactionCellConfigurator.swift in Sources */,
				3598145624C0E76000788E84 /* ReportsViewController.swift in Sources */,
				3531C59D207F2D730055D0B4 /* ViewModelFactory.swift in Sources */,
				3531C599207E7C4B0055D0B4 /* BaseViewModel.swift in Sources */,
				355BB03D24C04FA20080BE13 /* ReportsCoordinator.swift in Sources */,
				357E0D2C206E9F2B00205970 /* Helper.swift in Sources */,
				3522AFFC2092F78D00D17AAF /* BalanceReport.swift in Sources */,
				35EE301C206118AC0041F195 /* AccountCell.swift in Sources */,
				3566A7B3208B000F0099BE67 /* CategoryType.swift in Sources */,
				3522AFFE2092F7D200D17AAF /* BaseReport.swift in Sources */,
				35F012132063B9D7008EE633 /* InstallationManager.swift in Sources */,
				3522AFE72091C3EC00D17AAF /* DatePeriod.swift in Sources */,
				3598143524C0691700788E84 /* RealmMigration.swift in Sources */,
				355BB03B24C04E950080BE13 /* TransactionsCoordinator.swift in Sources */,
				3567747C205FA8EC00743FCA /* Constants.swift in Sources */,
				356B12E0208E0DE6007AF145 /* Operation.swift in Sources */,
				3598143224C05E5E00788E84 /* TransactionObject.swift in Sources */,
				353B47C6205690B3008281B0 /* AppDelegate.swift in Sources */,
				3566A7B5208B00680099BE67 /* AccountType.swift in Sources */,
				355BB03F24C04FE60080BE13 /* SettingsCoordinator.swift in Sources */,
				3598142E24C05B8F00788E84 /* AccountObject.swift in Sources */,
				3598144C24C0C7BF00788E84 /* UIColor+Ext.swift in Sources */,
				3522AFF52092192300D17AAF /* TransactionExt.swift in Sources */,
				3598145024C0D1BA00788E84 /* LoadingPresenter.swift in Sources */,
				356E06F6206A755E004034AE /* GradientView.swift in Sources */,
				3598143024C05E4600788E84 /* CategoryObject.swift in Sources */,
				351E3E8C205BDBB4004A3414 /* SettingsVC.swift in Sources */,
				3566A7B1208A8ADD0099BE67 /* ExpenseCategoryManager.swift in Sources */,
				3522AFFA209235D000D17AAF /* CurrencyValueFormatter.swift in Sources */,
			);
			runOnlyForDeploymentPostprocessing = 0;
		};
/* End PBXSourcesBuildPhase section */

/* Begin PBXVariantGroup section */
		353B47C9205690B3008281B0 /* Main.storyboard */ = {
			isa = PBXVariantGroup;
			children = (
				353B47CA205690B3008281B0 /* Base */,
				35655C912094CBBF009FA85B /* en */,
				35655C952094CCC4009FA85B /* ru */,
			);
			name = Main.storyboard;
			sourceTree = "<group>";
		};
		353B47CE205690B3008281B0 /* LaunchScreen.storyboard */ = {
			isa = PBXVariantGroup;
			children = (
				353B47CF205690B3008281B0 /* Base */,
				35655C962094CCC5009FA85B /* ru */,
			);
			name = LaunchScreen.storyboard;
			sourceTree = "<group>";
		};
		35655C922094CC5B009FA85B /* Localizable.strings */ = {
			isa = PBXVariantGroup;
			children = (
				35655C932094CC5B009FA85B /* en */,
				35655C972094CCC5009FA85B /* ru */,
			);
			name = Localizable.strings;
			sourceTree = "<group>";
		};
		35FC07B3209AE1A800A9D210 /* InfoPlist.strings */ = {
			isa = PBXVariantGroup;
			children = (
				35FC07B2209AE1A800A9D210 /* ru */,
				35FC07B4209AE1AD00A9D210 /* en */,
			);
			name = InfoPlist.strings;
			sourceTree = "<group>";
		};
/* End PBXVariantGroup section */

/* Begin XCBuildConfiguration section */
		353B47D2205690B3008281B0 /* Debug */ = {
			isa = XCBuildConfiguration;
			buildSettings = {
				ALWAYS_SEARCH_USER_PATHS = NO;
				CLANG_ANALYZER_LOCALIZABILITY_NONLOCALIZED = YES;
				CLANG_ANALYZER_NONNULL = YES;
				CLANG_ANALYZER_NUMBER_OBJECT_CONVERSION = YES_AGGRESSIVE;
				CLANG_CXX_LANGUAGE_STANDARD = "gnu++14";
				CLANG_CXX_LIBRARY = "libc++";
				CLANG_ENABLE_MODULES = YES;
				CLANG_ENABLE_OBJC_ARC = YES;
				CLANG_WARN_BLOCK_CAPTURE_AUTORELEASING = YES;
				CLANG_WARN_BOOL_CONVERSION = YES;
				CLANG_WARN_COMMA = YES;
				CLANG_WARN_CONSTANT_CONVERSION = YES;
				CLANG_WARN_DEPRECATED_OBJC_IMPLEMENTATIONS = YES;
				CLANG_WARN_DIRECT_OBJC_ISA_USAGE = YES_ERROR;
				CLANG_WARN_DOCUMENTATION_COMMENTS = YES;
				CLANG_WARN_EMPTY_BODY = YES;
				CLANG_WARN_ENUM_CONVERSION = YES;
				CLANG_WARN_INFINITE_RECURSION = YES;
				CLANG_WARN_INT_CONVERSION = YES;
				CLANG_WARN_NON_LITERAL_NULL_CONVERSION = YES;
				CLANG_WARN_OBJC_IMPLICIT_RETAIN_SELF = YES;
				CLANG_WARN_OBJC_LITERAL_CONVERSION = YES;
				CLANG_WARN_OBJC_ROOT_CLASS = YES_ERROR;
				CLANG_WARN_RANGE_LOOP_ANALYSIS = YES;
				CLANG_WARN_STRICT_PROTOTYPES = YES;
				CLANG_WARN_SUSPICIOUS_MOVE = YES;
				CLANG_WARN_UNGUARDED_AVAILABILITY = YES_AGGRESSIVE;
				CLANG_WARN_UNREACHABLE_CODE = YES;
				CLANG_WARN__DUPLICATE_METHOD_MATCH = YES;
				CODE_SIGN_IDENTITY = "iPhone Developer";
				COPY_PHASE_STRIP = NO;
				DEBUG_INFORMATION_FORMAT = dwarf;
				ENABLE_STRICT_OBJC_MSGSEND = YES;
				ENABLE_TESTABILITY = YES;
				GCC_C_LANGUAGE_STANDARD = gnu11;
				GCC_DYNAMIC_NO_PIC = NO;
				GCC_NO_COMMON_BLOCKS = YES;
				GCC_OPTIMIZATION_LEVEL = 0;
				GCC_PREPROCESSOR_DEFINITIONS = (
					"DEBUG=1",
					"$(inherited)",
				);
				GCC_WARN_64_TO_32_BIT_CONVERSION = YES;
				GCC_WARN_ABOUT_RETURN_TYPE = YES_ERROR;
				GCC_WARN_UNDECLARED_SELECTOR = YES;
				GCC_WARN_UNINITIALIZED_AUTOS = YES_AGGRESSIVE;
				GCC_WARN_UNUSED_FUNCTION = YES;
				GCC_WARN_UNUSED_VARIABLE = YES;
				IPHONEOS_DEPLOYMENT_TARGET = 10.0;
				MTL_ENABLE_DEBUG_INFO = YES;
				ONLY_ACTIVE_ARCH = YES;
				SDKROOT = iphoneos;
				SWIFT_ACTIVE_COMPILATION_CONDITIONS = DEBUG;
				SWIFT_OPTIMIZATION_LEVEL = "-Onone";
			};
			name = Debug;
		};
		353B47D3205690B3008281B0 /* Release */ = {
			isa = XCBuildConfiguration;
			buildSettings = {
				ALWAYS_SEARCH_USER_PATHS = NO;
				CLANG_ANALYZER_LOCALIZABILITY_NONLOCALIZED = YES;
				CLANG_ANALYZER_NONNULL = YES;
				CLANG_ANALYZER_NUMBER_OBJECT_CONVERSION = YES_AGGRESSIVE;
				CLANG_CXX_LANGUAGE_STANDARD = "gnu++14";
				CLANG_CXX_LIBRARY = "libc++";
				CLANG_ENABLE_MODULES = YES;
				CLANG_ENABLE_OBJC_ARC = YES;
				CLANG_WARN_BLOCK_CAPTURE_AUTORELEASING = YES;
				CLANG_WARN_BOOL_CONVERSION = YES;
				CLANG_WARN_COMMA = YES;
				CLANG_WARN_CONSTANT_CONVERSION = YES;
				CLANG_WARN_DEPRECATED_OBJC_IMPLEMENTATIONS = YES;
				CLANG_WARN_DIRECT_OBJC_ISA_USAGE = YES_ERROR;
				CLANG_WARN_DOCUMENTATION_COMMENTS = YES;
				CLANG_WARN_EMPTY_BODY = YES;
				CLANG_WARN_ENUM_CONVERSION = YES;
				CLANG_WARN_INFINITE_RECURSION = YES;
				CLANG_WARN_INT_CONVERSION = YES;
				CLANG_WARN_NON_LITERAL_NULL_CONVERSION = YES;
				CLANG_WARN_OBJC_IMPLICIT_RETAIN_SELF = YES;
				CLANG_WARN_OBJC_LITERAL_CONVERSION = YES;
				CLANG_WARN_OBJC_ROOT_CLASS = YES_ERROR;
				CLANG_WARN_RANGE_LOOP_ANALYSIS = YES;
				CLANG_WARN_STRICT_PROTOTYPES = YES;
				CLANG_WARN_SUSPICIOUS_MOVE = YES;
				CLANG_WARN_UNGUARDED_AVAILABILITY = YES_AGGRESSIVE;
				CLANG_WARN_UNREACHABLE_CODE = YES;
				CLANG_WARN__DUPLICATE_METHOD_MATCH = YES;
				CODE_SIGN_IDENTITY = "iPhone Developer";
				COPY_PHASE_STRIP = NO;
				DEBUG_INFORMATION_FORMAT = "dwarf-with-dsym";
				ENABLE_NS_ASSERTIONS = NO;
				ENABLE_STRICT_OBJC_MSGSEND = YES;
				GCC_C_LANGUAGE_STANDARD = gnu11;
				GCC_NO_COMMON_BLOCKS = YES;
				GCC_WARN_64_TO_32_BIT_CONVERSION = YES;
				GCC_WARN_ABOUT_RETURN_TYPE = YES_ERROR;
				GCC_WARN_UNDECLARED_SELECTOR = YES;
				GCC_WARN_UNINITIALIZED_AUTOS = YES_AGGRESSIVE;
				GCC_WARN_UNUSED_FUNCTION = YES;
				GCC_WARN_UNUSED_VARIABLE = YES;
				IPHONEOS_DEPLOYMENT_TARGET = 10.0;
				MTL_ENABLE_DEBUG_INFO = NO;
				SDKROOT = iphoneos;
				SWIFT_COMPILATION_MODE = wholemodule;
				SWIFT_OPTIMIZATION_LEVEL = "-O";
				VALIDATE_PRODUCT = YES;
			};
			name = Release;
		};
		353B47D5205690B3008281B0 /* Debug */ = {
			isa = XCBuildConfiguration;
			baseConfigurationReference = 4888D73EADFA49F664FD0830 /* Pods-My budget.debug.xcconfig */;
			buildSettings = {
				ASSETCATALOG_COMPILER_APPICON_NAME = AppIcon;
				CODE_SIGN_STYLE = Automatic;
				DEVELOPMENT_TEAM = M64J2FC2KN;
				INFOPLIST_FILE = "$(SRCROOT)/My budget/Resources/Info.plist";
				IPHONEOS_DEPLOYMENT_TARGET = 13.1;
				LD_RUNPATH_SEARCH_PATHS = (
					"$(inherited)",
					"@executable_path/Frameworks",
				);
				PRODUCT_BUNDLE_IDENTIFIER = "com.bobkexit.My-budget";
				PRODUCT_NAME = "$(TARGET_NAME)";
				SWIFT_VERSION = 5.0;
				TARGETED_DEVICE_FAMILY = "1,2";
			};
			name = Debug;
		};
		353B47D6205690B3008281B0 /* Release */ = {
			isa = XCBuildConfiguration;
			baseConfigurationReference = EE55D91628C8CD8C214428C4 /* Pods-My budget.release.xcconfig */;
			buildSettings = {
				ASSETCATALOG_COMPILER_APPICON_NAME = AppIcon;
				CODE_SIGN_STYLE = Automatic;
				DEVELOPMENT_TEAM = M64J2FC2KN;
				INFOPLIST_FILE = "$(SRCROOT)/My budget/Resources/Info.plist";
				IPHONEOS_DEPLOYMENT_TARGET = 13.1;
				LD_RUNPATH_SEARCH_PATHS = (
					"$(inherited)",
					"@executable_path/Frameworks",
				);
				PRODUCT_BUNDLE_IDENTIFIER = "com.bobkexit.My-budget";
				PRODUCT_NAME = "$(TARGET_NAME)";
				SWIFT_VERSION = 5.0;
				TARGETED_DEVICE_FAMILY = "1,2";
			};
			name = Release;
		};
/* End XCBuildConfiguration section */

/* Begin XCConfigurationList section */
		353B47BD205690B3008281B0 /* Build configuration list for PBXProject "My budget" */ = {
			isa = XCConfigurationList;
			buildConfigurations = (
				353B47D2205690B3008281B0 /* Debug */,
				353B47D3205690B3008281B0 /* Release */,
			);
			defaultConfigurationIsVisible = 0;
			defaultConfigurationName = Release;
		};
		353B47D4205690B3008281B0 /* Build configuration list for PBXNativeTarget "My budget" */ = {
			isa = XCConfigurationList;
			buildConfigurations = (
				353B47D5205690B3008281B0 /* Debug */,
				353B47D6205690B3008281B0 /* Release */,
			);
			defaultConfigurationIsVisible = 0;
			defaultConfigurationName = Release;
		};
/* End XCConfigurationList section */

/* Begin XCRemoteSwiftPackageReference section */
		355BB02F24C04C800080BE13 /* XCRemoteSwiftPackageReference "realm-cocoa" */ = {
			isa = XCRemoteSwiftPackageReference;
			repositoryURL = "https://github.com/realm/realm-cocoa.git";
			requirement = {
				kind = upToNextMajorVersion;
				minimumVersion = 5.3.0;
			};
		};
		3598143A24C0BC6D00788E84 /* XCRemoteSwiftPackageReference "lottie-ios" */ = {
			isa = XCRemoteSwiftPackageReference;
			repositoryURL = "https://github.com/airbnb/lottie-ios.git";
			requirement = {
				kind = upToNextMajorVersion;
				minimumVersion = 3.1.8;
			};
		};
/* End XCRemoteSwiftPackageReference section */

/* Begin XCSwiftPackageProductDependency section */
		355BB03024C04C800080BE13 /* Realm */ = {
			isa = XCSwiftPackageProductDependency;
			package = 355BB02F24C04C800080BE13 /* XCRemoteSwiftPackageReference "realm-cocoa" */;
			productName = Realm;
		};
		355BB03224C04C800080BE13 /* RealmSwift */ = {
			isa = XCSwiftPackageProductDependency;
			package = 355BB02F24C04C800080BE13 /* XCRemoteSwiftPackageReference "realm-cocoa" */;
			productName = RealmSwift;
		};
		3598143B24C0BC6D00788E84 /* Lottie */ = {
			isa = XCSwiftPackageProductDependency;
			package = 3598143A24C0BC6D00788E84 /* XCRemoteSwiftPackageReference "lottie-ios" */;
			productName = Lottie;
		};
/* End XCSwiftPackageProductDependency section */

/* Begin XCVersionGroup section */
		3566A78F2087413A0099BE67 /* DataModel.xcdatamodeld */ = {
			isa = XCVersionGroup;
			children = (
				3566A7902087413A0099BE67 /* DataModel.xcdatamodel */,
			);
			currentVersion = 3566A7902087413A0099BE67 /* DataModel.xcdatamodel */;
			path = DataModel.xcdatamodeld;
			sourceTree = "<group>";
			versionGroupType = wrapper.xcdatamodel;
		};
/* End XCVersionGroup section */
	};
	rootObject = 353B47BA205690B3008281B0 /* Project object */;
}
